// !$*UTF8*$!
{
	archiveVersion = 1;
	classes = {
	};
	objectVersion = 51;
	objects = {

/* Begin PBXBuildFile section */
		392459C7250FDE300031B11A /* OrcamentoTableViewCell.swift in Sources */ = {isa = PBXBuildFile; fileRef = 392459C6250FDE300031B11A /* OrcamentoTableViewCell.swift */; };
		39498D74250F58640043F97A /* SOMEI.xcdatamodeld in Sources */ = {isa = PBXBuildFile; fileRef = 39498D72250F58640043F97A /* SOMEI.xcdatamodeld */; };
		39498D7A250F5C6D0043F97A /* UICornerableButton.swift in Sources */ = {isa = PBXBuildFile; fileRef = 39498D79250F5C6D0043F97A /* UICornerableButton.swift */; };
		39498D7C250F5C8F0043F97A /* UICornerableView.swift in Sources */ = {isa = PBXBuildFile; fileRef = 39498D7B250F5C8F0043F97A /* UICornerableView.swift */; };
		39498D7E250F5EA80043F97A /* GoogleService-Info.plist in Resources */ = {isa = PBXBuildFile; fileRef = 39498D7D250F5EA80043F97A /* GoogleService-Info.plist */; };
		39498D80250F7BFA0043F97A /* ProviderResource.swift in Sources */ = {isa = PBXBuildFile; fileRef = 39498D7F250F7BFA0043F97A /* ProviderResource.swift */; };
		3970B916250F52D1006C36DD /* AppDelegate.swift in Sources */ = {isa = PBXBuildFile; fileRef = 3970B915250F52D1006C36DD /* AppDelegate.swift */; };
		3970B918250F52D1006C36DD /* SceneDelegate.swift in Sources */ = {isa = PBXBuildFile; fileRef = 3970B917250F52D1006C36DD /* SceneDelegate.swift */; };
		3970B91A250F52D1006C36DD /* ViewController.swift in Sources */ = {isa = PBXBuildFile; fileRef = 3970B919250F52D1006C36DD /* ViewController.swift */; };
		3970B91D250F52D1006C36DD /* Main.storyboard in Resources */ = {isa = PBXBuildFile; fileRef = 3970B91B250F52D1006C36DD /* Main.storyboard */; };
		3970B91F250F52D3006C36DD /* Assets.xcassets in Resources */ = {isa = PBXBuildFile; fileRef = 3970B91E250F52D3006C36DD /* Assets.xcassets */; };
		3970B922250F52D3006C36DD /* LaunchScreen.storyboard in Resources */ = {isa = PBXBuildFile; fileRef = 3970B920250F52D3006C36DD /* LaunchScreen.storyboard */; };
		3970B92D250F52D3006C36DD /* SOMEITests.swift in Sources */ = {isa = PBXBuildFile; fileRef = 3970B92C250F52D3006C36DD /* SOMEITests.swift */; };
		3970B938250F52D3006C36DD /* SOMEIUITests.swift in Sources */ = {isa = PBXBuildFile; fileRef = 3970B937250F52D3006C36DD /* SOMEIUITests.swift */; };
		3970B99E250F5302006C36DD /* ProviderSomei.swift in Sources */ = {isa = PBXBuildFile; fileRef = 3970B946250F5302006C36DD /* ProviderSomei.swift */; };
		3970B99F250F5302006C36DD /* ProfissionalStruct.swift in Sources */ = {isa = PBXBuildFile; fileRef = 3970B949250F5302006C36DD /* ProfissionalStruct.swift */; };
		3970B9A0250F5302006C36DD /* SolicitanteStruct.swift in Sources */ = {isa = PBXBuildFile; fileRef = 3970B94A250F5302006C36DD /* SolicitanteStruct.swift */; };
		3970B9A1250F5302006C36DD /* HourStruct.swift in Sources */ = {isa = PBXBuildFile; fileRef = 3970B94B250F5302006C36DD /* HourStruct.swift */; };
		3970B9A2250F5302006C36DD /* hour.swift in Sources */ = {isa = PBXBuildFile; fileRef = 3970B94C250F5302006C36DD /* hour.swift */; };
		3970B9A3250F5302006C36DD /* AgendaStruct.swift in Sources */ = {isa = PBXBuildFile; fileRef = 3970B94D250F5302006C36DD /* AgendaStruct.swift */; };
		3970B9A4250F5302006C36DD /* LocalizacaoStruct.swift in Sources */ = {isa = PBXBuildFile; fileRef = 3970B94E250F5302006C36DD /* LocalizacaoStruct.swift */; };
		3970B9A5250F5302006C36DD /* OrcamentoStruct.swift in Sources */ = {isa = PBXBuildFile; fileRef = 3970B94F250F5302006C36DD /* OrcamentoStruct.swift */; };
		3970B9A6250F5302006C36DD /* Agenda.swift in Sources */ = {isa = PBXBuildFile; fileRef = 3970B950250F5302006C36DD /* Agenda.swift */; };
		3970B9A7250F5302006C36DD /* Profissional.swift in Sources */ = {isa = PBXBuildFile; fileRef = 3970B951250F5302006C36DD /* Profissional.swift */; };
		3970B9A8250F5302006C36DD /* Place.swift in Sources */ = {isa = PBXBuildFile; fileRef = 3970B952250F5302006C36DD /* Place.swift */; };
		3970B9A9250F5302006C36DD /* Orcamento.swift in Sources */ = {isa = PBXBuildFile; fileRef = 3970B953250F5302006C36DD /* Orcamento.swift */; };
		3970B9AA250F5302006C36DD /* Localizacao.swift in Sources */ = {isa = PBXBuildFile; fileRef = 3970B954250F5302006C36DD /* Localizacao.swift */; };
		3970B9AB250F5302006C36DD /* Solicitante .swift in Sources */ = {isa = PBXBuildFile; fileRef = 3970B955250F5302006C36DD /* Solicitante .swift */; };
		3970B9AC250F5302006C36DD /* Usuario.swift in Sources */ = {isa = PBXBuildFile; fileRef = 3970B956250F5302006C36DD /* Usuario.swift */; };
		3970B9AD250F5302006C36DD /* Comentario.swift in Sources */ = {isa = PBXBuildFile; fileRef = 3970B957250F5302006C36DD /* Comentario.swift */; };
		3970B9AE250F5302006C36DD /* ProfissionalManager.swift in Sources */ = {isa = PBXBuildFile; fileRef = 3970B959250F5302006C36DD /* ProfissionalManager.swift */; };
		3970B9AF250F5302006C36DD /* SomeiManager.swift in Sources */ = {isa = PBXBuildFile; fileRef = 3970B95A250F5302006C36DD /* SomeiManager.swift */; };
		3970B9B0250F5302006C36DD /* OrcamentoManager.swift in Sources */ = {isa = PBXBuildFile; fileRef = 3970B95B250F5302006C36DD /* OrcamentoManager.swift */; };
		3970B9B1250F5302006C36DD /* ProfissionalManagerJson.swift in Sources */ = {isa = PBXBuildFile; fileRef = 3970B95D250F5302006C36DD /* ProfissionalManagerJson.swift */; };
		3970B9B2250F5302006C36DD /* SolicitanteManagerJson.swift in Sources */ = {isa = PBXBuildFile; fileRef = 3970B95E250F5302006C36DD /* SolicitanteManagerJson.swift */; };
		3970B9B3250F5302006C36DD /* AnswerOrcamentoManager.swift in Sources */ = {isa = PBXBuildFile; fileRef = 3970B95F250F5302006C36DD /* AnswerOrcamentoManager.swift */; };
		3970B9B4250F5302006C36DD /* SolicitanteManager.swift in Sources */ = {isa = PBXBuildFile; fileRef = 3970B960250F5302006C36DD /* SolicitanteManager.swift */; };
		3970B9B5250F5302006C36DD /* SomeiUserDefaults.swift in Sources */ = {isa = PBXBuildFile; fileRef = 3970B962250F5302006C36DD /* SomeiUserDefaults.swift */; };
		3970B9B6250F5302006C36DD /* UIBackgroundCorner.swift in Sources */ = {isa = PBXBuildFile; fileRef = 3970B964250F5302006C36DD /* UIBackgroundCorner.swift */; };
		3970B9B7250F5302006C36DD /* ActiveServicesViewController.swift in Sources */ = {isa = PBXBuildFile; fileRef = 3970B967250F5302006C36DD /* ActiveServicesViewController.swift */; };
		3970B9B8250F5302006C36DD /* WorkersCollectionViewCell.swift in Sources */ = {isa = PBXBuildFile; fileRef = 3970B968250F5302006C36DD /* WorkersCollectionViewCell.swift */; };
		3970B9B9250F5302006C36DD /* ClientePerfilViewController.swift in Sources */ = {isa = PBXBuildFile; fileRef = 3970B96A250F5302006C36DD /* ClientePerfilViewController.swift */; };
		3970B9BA250F5302006C36DD /* EmployeePerfilViewController.swift in Sources */ = {isa = PBXBuildFile; fileRef = 3970B96B250F5302006C36DD /* EmployeePerfilViewController.swift */; };
		3970B9BB250F5302006C36DD /* SendPhotosCollectionViewCell.swift in Sources */ = {isa = PBXBuildFile; fileRef = 3970B96C250F5302006C36DD /* SendPhotosCollectionViewCell.swift */; };
		3970B9BC250F5302006C36DD /* ComentsViewController.swift in Sources */ = {isa = PBXBuildFile; fileRef = 3970B96D250F5302006C36DD /* ComentsViewController.swift */; };
		3970B9BD250F5302006C36DD /* InternetErrorViewController.swift in Sources */ = {isa = PBXBuildFile; fileRef = 3970B96E250F5302006C36DD /* InternetErrorViewController.swift */; };
		3970B9BE250F5302006C36DD /* LoginInformationViewController.swift in Sources */ = {isa = PBXBuildFile; fileRef = 3970B96F250F5302006C36DD /* LoginInformationViewController.swift */; };
		3970B9BF250F5302006C36DD /* HomeViewController.swift in Sources */ = {isa = PBXBuildFile; fileRef = 3970B970250F5302006C36DD /* HomeViewController.swift */; };
		3970B9C0250F5302006C36DD /* FinishRegisterViewController.swift in Sources */ = {isa = PBXBuildFile; fileRef = 3970B971250F5302006C36DD /* FinishRegisterViewController.swift */; };
		3970B9C1250F5302006C36DD /* EspecificTimeViewController.swift in Sources */ = {isa = PBXBuildFile; fileRef = 3970B974250F5302006C36DD /* EspecificTimeViewController.swift */; };
		3970B9C2250F5302006C36DD /* FlexibleHourViewController.swift in Sources */ = {isa = PBXBuildFile; fileRef = 3970B975250F5302006C36DD /* FlexibleHourViewController.swift */; };
		3970B9C3250F5302006C36DD /* SelectMultiHourViewController.swift in Sources */ = {isa = PBXBuildFile; fileRef = 3970B976250F5302006C36DD /* SelectMultiHourViewController.swift */; };
		3970B9C4250F5302006C36DD /* SelectHourTableViewCell.swift in Sources */ = {isa = PBXBuildFile; fileRef = 3970B977250F5302006C36DD /* SelectHourTableViewCell.swift */; };
		3970B9C5250F5302006C36DD /* LocationViewController.swift in Sources */ = {isa = PBXBuildFile; fileRef = 3970B978250F5302006C36DD /* LocationViewController.swift */; };
		3970B9C6250F5302006C36DD /* ComplementEstimateViewController.swift in Sources */ = {isa = PBXBuildFile; fileRef = 3970B979250F5302006C36DD /* ComplementEstimateViewController.swift */; };
		3970B9C7250F5302006C36DD /* HourTimeViewController.swift in Sources */ = {isa = PBXBuildFile; fileRef = 3970B97A250F5302006C36DD /* HourTimeViewController.swift */; };
		3970B9C8250F5302006C36DD /* SendPicsViewController.swift in Sources */ = {isa = PBXBuildFile; fileRef = 3970B97B250F5302006C36DD /* SendPicsViewController.swift */; };
		3970B9C9250F5302006C36DD /* DescriptionScreenViewController.swift in Sources */ = {isa = PBXBuildFile; fileRef = 3970B97C250F5302006C36DD /* DescriptionScreenViewController.swift */; };
		3970B9CA250F5302006C36DD /* OrcamentosTableViewCell.swift in Sources */ = {isa = PBXBuildFile; fileRef = 3970B97E250F5302006C36DD /* OrcamentosTableViewCell.swift */; };
		3970B9CB250F5302006C36DD /* AnswerViewController.swift in Sources */ = {isa = PBXBuildFile; fileRef = 3970B97F250F5302006C36DD /* AnswerViewController.swift */; };
		3970B9CC250F5302006C36DD /* ListOrcamentoViewController.swift in Sources */ = {isa = PBXBuildFile; fileRef = 3970B980250F5302006C36DD /* ListOrcamentoViewController.swift */; };
		3970B9CD250F5302006C36DD /* CategoriasTableViewCell.swift in Sources */ = {isa = PBXBuildFile; fileRef = 3970B983250F5302006C36DD /* CategoriasTableViewCell.swift */; };
		3970B9CE250F5302006C36DD /* OwnerNameViewController.swift in Sources */ = {isa = PBXBuildFile; fileRef = 3970B984250F5302006C36DD /* OwnerNameViewController.swift */; };
		3970B9CF250F5302006C36DD /* FantasyNameViewController.swift in Sources */ = {isa = PBXBuildFile; fileRef = 3970B985250F5302006C36DD /* FantasyNameViewController.swift */; };
		3970B9D0250F5302006C36DD /* PhoneEmployeeViewController.swift in Sources */ = {isa = PBXBuildFile; fileRef = 3970B986250F5302006C36DD /* PhoneEmployeeViewController.swift */; };
		3970B9D1250F5302006C36DD /* CEPViewController.swift in Sources */ = {isa = PBXBuildFile; fileRef = 3970B987250F5302006C36DD /* CEPViewController.swift */; };
		3970B9D2250F5302006C36DD /* CNPJScreenViewController.swift in Sources */ = {isa = PBXBuildFile; fileRef = 3970B988250F5302006C36DD /* CNPJScreenViewController.swift */; };
		3970B9D3250F5302006C36DD /* PasswordEmployeeViewController.swift in Sources */ = {isa = PBXBuildFile; fileRef = 3970B989250F5302006C36DD /* PasswordEmployeeViewController.swift */; };
		3970B9D4250F5302006C36DD /* ConfirmPasswordEmployeeViewController.swift in Sources */ = {isa = PBXBuildFile; fileRef = 3970B98A250F5302006C36DD /* ConfirmPasswordEmployeeViewController.swift */; };
		3970B9D5250F5302006C36DD /* NumberViewController.swift in Sources */ = {isa = PBXBuildFile; fileRef = 3970B98B250F5302006C36DD /* NumberViewController.swift */; };
		3970B9D6250F5302006C36DD /* ComplementViewController.swift in Sources */ = {isa = PBXBuildFile; fileRef = 3970B98C250F5302006C36DD /* ComplementViewController.swift */; };
		3970B9D7250F5302006C36DD /* MainActivityViewController.swift in Sources */ = {isa = PBXBuildFile; fileRef = 3970B98D250F5302006C36DD /* MainActivityViewController.swift */; };
		3970B9D8250F5303006C36DD /* EmployeePhotoViewController.swift in Sources */ = {isa = PBXBuildFile; fileRef = 3970B98E250F5302006C36DD /* EmployeePhotoViewController.swift */; };
		3970B9D9250F5303006C36DD /* EmailEmployeeViewController.swift in Sources */ = {isa = PBXBuildFile; fileRef = 3970B98F250F5302006C36DD /* EmailEmployeeViewController.swift */; };
		3970B9DA250F5303006C36DD /* ConfirmDatasEmployeeViewController.swift in Sources */ = {isa = PBXBuildFile; fileRef = 3970B990250F5302006C36DD /* ConfirmDatasEmployeeViewController.swift */; };
		3970B9DB250F5303006C36DD /* LogradouroViewController.swift in Sources */ = {isa = PBXBuildFile; fileRef = 3970B991250F5302006C36DD /* LogradouroViewController.swift */; };
		3970B9DC250F5303006C36DD /* ConfirmationDatasViewController.swift in Sources */ = {isa = PBXBuildFile; fileRef = 3970B993250F5302006C36DD /* ConfirmationDatasViewController.swift */; };
		3970B9DD250F5303006C36DD /* PasswordViewController.swift in Sources */ = {isa = PBXBuildFile; fileRef = 3970B994250F5302006C36DD /* PasswordViewController.swift */; };
		3970B9DE250F5303006C36DD /* CPFScreenViewController.swift in Sources */ = {isa = PBXBuildFile; fileRef = 3970B995250F5302006C36DD /* CPFScreenViewController.swift */; };
		3970B9DF250F5303006C36DD /* ConfirmPasswordViewController.swift in Sources */ = {isa = PBXBuildFile; fileRef = 3970B996250F5302006C36DD /* ConfirmPasswordViewController.swift */; };
		3970B9E0250F5303006C36DD /* EmailScreenViewController.swift in Sources */ = {isa = PBXBuildFile; fileRef = 3970B997250F5302006C36DD /* EmailScreenViewController.swift */; };
		3970B9E1250F5303006C36DD /* AgeViewController.swift in Sources */ = {isa = PBXBuildFile; fileRef = 3970B998250F5302006C36DD /* AgeViewController.swift */; };
		3970B9E2250F5303006C36DD /* PhotoViewController.swift in Sources */ = {isa = PBXBuildFile; fileRef = 3970B999250F5302006C36DD /* PhotoViewController.swift */; };
		3970B9E3250F5303006C36DD /* NameScreenViewController.swift in Sources */ = {isa = PBXBuildFile; fileRef = 3970B99A250F5302006C36DD /* NameScreenViewController.swift */; };
		3970B9E4250F5303006C36DD /* PhoneViewController.swift in Sources */ = {isa = PBXBuildFile; fileRef = 3970B99B250F5302006C36DD /* PhoneViewController.swift */; };
		3970B9E5250F5303006C36DD /* LoginCadastroViewControlller.swift in Sources */ = {isa = PBXBuildFile; fileRef = 3970B99C250F5302006C36DD /* LoginCadastroViewControlller.swift */; };
		3970B9E6250F5303006C36DD /* SearchWorkersViewController.swift in Sources */ = {isa = PBXBuildFile; fileRef = 3970B99D250F5302006C36DD /* SearchWorkersViewController.swift */; };
		D1067F73254781880080DA33 /* MouthGoalViewController.swift in Sources */ = {isa = PBXBuildFile; fileRef = D1067F72254781880080DA33 /* MouthGoalViewController.swift */; };
		D11378B7255B4BD5000E764E /* ActiveServiceSolicitanteDetailViewController.swift in Sources */ = {isa = PBXBuildFile; fileRef = D11378B6255B4BD5000E764E /* ActiveServiceSolicitanteDetailViewController.swift */; };
		D11378BC255B7063000E764E /* OwnerCpfRegisterViewController.swift in Sources */ = {isa = PBXBuildFile; fileRef = D11378BB255B7063000E764E /* OwnerCpfRegisterViewController.swift */; };
		D1184F14255A0D0000D566CE /* MagemDeLucro.swift in Sources */ = {isa = PBXBuildFile; fileRef = D1184F13255A0D0000D566CE /* MagemDeLucro.swift */; };
		D1184F19255A149C00D566CE /* Prevision.swift in Sources */ = {isa = PBXBuildFile; fileRef = D1184F18255A149C00D566CE /* Prevision.swift */; };
		D1184F22255A181C00D566CE /* MouthsResults.swift in Sources */ = {isa = PBXBuildFile; fileRef = D1184F21255A181C00D566CE /* MouthsResults.swift */; };
		D1184F2E255A21FD00D566CE /* DepositosBancarios.swift in Sources */ = {isa = PBXBuildFile; fileRef = D1184F2D255A21FD00D566CE /* DepositosBancarios.swift */; };
		D1184F3A255A255800D566CE /* Deposit.swift in Sources */ = {isa = PBXBuildFile; fileRef = D1184F39255A255800D566CE /* Deposit.swift */; };
		D125C38125254DB500FD8E33 /* PhotoPortfolioCollectionViewCell.swift in Sources */ = {isa = PBXBuildFile; fileRef = D125C38025254DB500FD8E33 /* PhotoPortfolioCollectionViewCell.swift */; };
		D15E1A2625391C2600E0F7E3 /* TypeAgendaViewController.swift in Sources */ = {isa = PBXBuildFile; fileRef = D15E1A2525391C2600E0F7E3 /* TypeAgendaViewController.swift */; };
		D16B06932547B45F0057974A /* PostingValueStruct.swift in Sources */ = {isa = PBXBuildFile; fileRef = D16B06922547B45F0057974A /* PostingValueStruct.swift */; };
		D16B069B2547B5230057974A /* DtVencimentoStruct.swift in Sources */ = {isa = PBXBuildFile; fileRef = D16B069A2547B5230057974A /* DtVencimentoStruct.swift */; };
		D171F72025314E8000C67EA7 /* OrcamentoAnswerStruct.swift in Sources */ = {isa = PBXBuildFile; fileRef = D171F71F25314E8000C67EA7 /* OrcamentoAnswerStruct.swift */; };
		D171F7362534CD7700C67EA7 /* FinancialManager.swift in Sources */ = {isa = PBXBuildFile; fileRef = D171F7352534CD7700C67EA7 /* FinancialManager.swift */; };
		D171F73B2534CF4D00C67EA7 /* Financial.swift in Sources */ = {isa = PBXBuildFile; fileRef = D171F73A2534CF4D00C67EA7 /* Financial.swift */; };
		D171F7582534F2A400C67EA7 /* BarChart.swift in Sources */ = {isa = PBXBuildFile; fileRef = D171F7572534F2A400C67EA7 /* BarChart.swift */; };
		D17228B0251953CD008D129C /* AnswerOrcamentoViewController.swift in Sources */ = {isa = PBXBuildFile; fileRef = D17228AF251953CD008D129C /* AnswerOrcamentoViewController.swift */; };
		D17228B525195E98008D129C /* OrcamentoAnswerTableViewCell.swift in Sources */ = {isa = PBXBuildFile; fileRef = D17228B425195E98008D129C /* OrcamentoAnswerTableViewCell.swift */; };
		D180717A25281A0E0087385E /* photosOrcamentoCollectionViewCell.swift in Sources */ = {isa = PBXBuildFile; fileRef = D180717925281A0E0087385E /* photosOrcamentoCollectionViewCell.swift */; };
		D180718025284D870087385E /* RequestsTableViewController.swift in Sources */ = {isa = PBXBuildFile; fileRef = D180717F25284D870087385E /* RequestsTableViewController.swift */; };
		D1807188252854390087385E /* ProfissionalServicosAtivos.swift in Sources */ = {isa = PBXBuildFile; fileRef = D1807187252854390087385E /* ProfissionalServicosAtivos.swift */; };
		D18BE41B2531213800B32449 /* RequestedServicesViewController.swift in Sources */ = {isa = PBXBuildFile; fileRef = D18BE41A2531213800B32449 /* RequestedServicesViewController.swift */; };
		D18BE4202531276E00B32449 /* requestedServicesTableViewCell.swift in Sources */ = {isa = PBXBuildFile; fileRef = D18BE41F2531276E00B32449 /* requestedServicesTableViewCell.swift */; };
		D19FB8EE2529A0A000B42211 /* FinancialReportingViewController.swift in Sources */ = {isa = PBXBuildFile; fileRef = D19FB8ED2529A0A000B42211 /* FinancialReportingViewController.swift */; };
		D19FB8F42529BAB000B42211 /* CreditAndDebitViewController.swift in Sources */ = {isa = PBXBuildFile; fileRef = D19FB8F32529BAB000B42211 /* CreditAndDebitViewController.swift */; };
		D19FB8F9252A86A300B42211 /* CreditAndDebitTableViewCell.swift in Sources */ = {isa = PBXBuildFile; fileRef = D19FB8F8252A86A300B42211 /* CreditAndDebitTableViewCell.swift */; };
		D1B1D1A525535BF40030FFBB /* BankDepositsViewController.swift in Sources */ = {isa = PBXBuildFile; fileRef = D1B1D1A425535BF40030FFBB /* BankDepositsViewController.swift */; };
		D1B1D1AD25535EE20030FFBB /* DepositsTableViewCell.swift in Sources */ = {isa = PBXBuildFile; fileRef = D1B1D1AC25535EE20030FFBB /* DepositsTableViewCell.swift */; };
		D1B75A2E2547903D006F614A /* ReleasesValue.swift in Sources */ = {isa = PBXBuildFile; fileRef = D1B75A2D2547903D006F614A /* ReleasesValue.swift */; };
		D1B75A3325479097006F614A /* DtVencimento.swift in Sources */ = {isa = PBXBuildFile; fileRef = D1B75A3225479097006F614A /* DtVencimento.swift */; };
		D1C7054E25577F31008C9C3F /* EvaluateServiceSolicitanteViewController.swift in Sources */ = {isa = PBXBuildFile; fileRef = D1C7054D25577F31008C9C3F /* EvaluateServiceSolicitanteViewController.swift */; };
		D1C7055625577FD5008C9C3F /* EvaluateServiceManager.swift in Sources */ = {isa = PBXBuildFile; fileRef = D1C7055525577FD5008C9C3F /* EvaluateServiceManager.swift */; };
		D1C7055E255785A9008C9C3F /* FinishServiceStructSolicitante.swift in Sources */ = {isa = PBXBuildFile; fileRef = D1C7055D255785A9008C9C3F /* FinishServiceStructSolicitante.swift */; };
		D1C7058025586664008C9C3F /* PaymentManager.swift in Sources */ = {isa = PBXBuildFile; fileRef = D1C7057F25586664008C9C3F /* PaymentManager.swift */; };
		D1C7058B255867C4008C9C3F /* CardInformationsViewController.swift in Sources */ = {isa = PBXBuildFile; fileRef = D1C7058A255867C4008C9C3F /* CardInformationsViewController.swift */; };
		D1C7059025586BDC008C9C3F /* ConfirmPaymentViewController.swift in Sources */ = {isa = PBXBuildFile; fileRef = D1C7058F25586BDC008C9C3F /* ConfirmPaymentViewController.swift */; };
		D1D09037254CE54500AF69FB /* DetailOrcamentoListViewController.swift in Sources */ = {isa = PBXBuildFile; fileRef = D1D09036254CE54500AF69FB /* DetailOrcamentoListViewController.swift */; };
		D1E51A1C2558A520004FE02C /* AccountStruct.swift in Sources */ = {isa = PBXBuildFile; fileRef = D1E51A1B2558A520004FE02C /* AccountStruct.swift */; };
		D1E51A212558B5BF004FE02C /* AccountRegisterViewController.swift in Sources */ = {isa = PBXBuildFile; fileRef = D1E51A202558B5BF004FE02C /* AccountRegisterViewController.swift */; };
		D1E51A352558B793004FE02C /* TypeAccountManager.swift in Sources */ = {isa = PBXBuildFile; fileRef = D1E51A342558B793004FE02C /* TypeAccountManager.swift */; };
		D1ECE68B252A94BB00F70CE4 /* NewDespesaViewController.swift in Sources */ = {isa = PBXBuildFile; fileRef = D1ECE68A252A94BB00F70CE4 /* NewDespesaViewController.swift */; };
		D1ECE694252BB04000F70CE4 /* MouthResultViewController.swift in Sources */ = {isa = PBXBuildFile; fileRef = D1ECE693252BB04000F70CE4 /* MouthResultViewController.swift */; };
		D2F70AC9666561AA392EA1E3 /* Pods_SOMEI.framework in Frameworks */ = {isa = PBXBuildFile; fileRef = 4814DA91DCEE3BDD98942C8E /* Pods_SOMEI.framework */; };
/* End PBXBuildFile section */

/* Begin PBXContainerItemProxy section */
		3970B929250F52D3006C36DD /* PBXContainerItemProxy */ = {
			isa = PBXContainerItemProxy;
			containerPortal = 3970B90A250F52D1006C36DD /* Project object */;
			proxyType = 1;
			remoteGlobalIDString = 3970B911250F52D1006C36DD;
			remoteInfo = SOMEI;
		};
		3970B934250F52D3006C36DD /* PBXContainerItemProxy */ = {
			isa = PBXContainerItemProxy;
			containerPortal = 3970B90A250F52D1006C36DD /* Project object */;
			proxyType = 1;
			remoteGlobalIDString = 3970B911250F52D1006C36DD;
			remoteInfo = SOMEI;
		};
/* End PBXContainerItemProxy section */

/* Begin PBXFileReference section */
		392459C6250FDE300031B11A /* OrcamentoTableViewCell.swift */ = {isa = PBXFileReference; lastKnownFileType = sourcecode.swift; path = OrcamentoTableViewCell.swift; sourceTree = "<group>"; };
		39498D73250F58640043F97A /* SOMEI.xcdatamodel */ = {isa = PBXFileReference; lastKnownFileType = wrapper.xcdatamodel; path = SOMEI.xcdatamodel; sourceTree = "<group>"; };
		39498D79250F5C6D0043F97A /* UICornerableButton.swift */ = {isa = PBXFileReference; lastKnownFileType = sourcecode.swift; path = UICornerableButton.swift; sourceTree = "<group>"; };
		39498D7B250F5C8F0043F97A /* UICornerableView.swift */ = {isa = PBXFileReference; lastKnownFileType = sourcecode.swift; path = UICornerableView.swift; sourceTree = "<group>"; };
		39498D7D250F5EA80043F97A /* GoogleService-Info.plist */ = {isa = PBXFileReference; fileEncoding = 4; lastKnownFileType = text.plist.xml; path = "GoogleService-Info.plist"; sourceTree = "<group>"; };
		39498D7F250F7BFA0043F97A /* ProviderResource.swift */ = {isa = PBXFileReference; lastKnownFileType = sourcecode.swift; path = ProviderResource.swift; sourceTree = "<group>"; };
		3970B912250F52D1006C36DD /* SOMEI.app */ = {isa = PBXFileReference; explicitFileType = wrapper.application; includeInIndex = 0; path = SOMEI.app; sourceTree = BUILT_PRODUCTS_DIR; };
		3970B915250F52D1006C36DD /* AppDelegate.swift */ = {isa = PBXFileReference; lastKnownFileType = sourcecode.swift; path = AppDelegate.swift; sourceTree = "<group>"; };
		3970B917250F52D1006C36DD /* SceneDelegate.swift */ = {isa = PBXFileReference; lastKnownFileType = sourcecode.swift; path = SceneDelegate.swift; sourceTree = "<group>"; };
		3970B919250F52D1006C36DD /* ViewController.swift */ = {isa = PBXFileReference; lastKnownFileType = sourcecode.swift; path = ViewController.swift; sourceTree = "<group>"; };
		3970B91C250F52D1006C36DD /* Base */ = {isa = PBXFileReference; lastKnownFileType = file.storyboard; name = Base; path = Base.lproj/Main.storyboard; sourceTree = "<group>"; };
		3970B91E250F52D3006C36DD /* Assets.xcassets */ = {isa = PBXFileReference; lastKnownFileType = folder.assetcatalog; path = Assets.xcassets; sourceTree = "<group>"; };
		3970B921250F52D3006C36DD /* Base */ = {isa = PBXFileReference; lastKnownFileType = file.storyboard; name = Base; path = Base.lproj/LaunchScreen.storyboard; sourceTree = "<group>"; };
		3970B923250F52D3006C36DD /* Info.plist */ = {isa = PBXFileReference; lastKnownFileType = text.plist.xml; path = Info.plist; sourceTree = "<group>"; };
		3970B928250F52D3006C36DD /* SOMEITests.xctest */ = {isa = PBXFileReference; explicitFileType = wrapper.cfbundle; includeInIndex = 0; path = SOMEITests.xctest; sourceTree = BUILT_PRODUCTS_DIR; };
		3970B92C250F52D3006C36DD /* SOMEITests.swift */ = {isa = PBXFileReference; lastKnownFileType = sourcecode.swift; path = SOMEITests.swift; sourceTree = "<group>"; };
		3970B92E250F52D3006C36DD /* Info.plist */ = {isa = PBXFileReference; lastKnownFileType = text.plist.xml; path = Info.plist; sourceTree = "<group>"; };
		3970B933250F52D3006C36DD /* SOMEIUITests.xctest */ = {isa = PBXFileReference; explicitFileType = wrapper.cfbundle; includeInIndex = 0; path = SOMEIUITests.xctest; sourceTree = BUILT_PRODUCTS_DIR; };
		3970B937250F52D3006C36DD /* SOMEIUITests.swift */ = {isa = PBXFileReference; lastKnownFileType = sourcecode.swift; path = SOMEIUITests.swift; sourceTree = "<group>"; };
		3970B939250F52D3006C36DD /* Info.plist */ = {isa = PBXFileReference; lastKnownFileType = text.plist.xml; path = Info.plist; sourceTree = "<group>"; };
		3970B946250F5302006C36DD /* ProviderSomei.swift */ = {isa = PBXFileReference; fileEncoding = 4; lastKnownFileType = sourcecode.swift; path = ProviderSomei.swift; sourceTree = "<group>"; };
		3970B949250F5302006C36DD /* ProfissionalStruct.swift */ = {isa = PBXFileReference; fileEncoding = 4; lastKnownFileType = sourcecode.swift; path = ProfissionalStruct.swift; sourceTree = "<group>"; };
		3970B94A250F5302006C36DD /* SolicitanteStruct.swift */ = {isa = PBXFileReference; fileEncoding = 4; lastKnownFileType = sourcecode.swift; path = SolicitanteStruct.swift; sourceTree = "<group>"; };
		3970B94B250F5302006C36DD /* HourStruct.swift */ = {isa = PBXFileReference; fileEncoding = 4; lastKnownFileType = sourcecode.swift; path = HourStruct.swift; sourceTree = "<group>"; };
		3970B94C250F5302006C36DD /* hour.swift */ = {isa = PBXFileReference; fileEncoding = 4; lastKnownFileType = sourcecode.swift; path = hour.swift; sourceTree = "<group>"; };
		3970B94D250F5302006C36DD /* AgendaStruct.swift */ = {isa = PBXFileReference; fileEncoding = 4; lastKnownFileType = sourcecode.swift; path = AgendaStruct.swift; sourceTree = "<group>"; };
		3970B94E250F5302006C36DD /* LocalizacaoStruct.swift */ = {isa = PBXFileReference; fileEncoding = 4; lastKnownFileType = sourcecode.swift; path = LocalizacaoStruct.swift; sourceTree = "<group>"; };
		3970B94F250F5302006C36DD /* OrcamentoStruct.swift */ = {isa = PBXFileReference; fileEncoding = 4; lastKnownFileType = sourcecode.swift; path = OrcamentoStruct.swift; sourceTree = "<group>"; };
		3970B950250F5302006C36DD /* Agenda.swift */ = {isa = PBXFileReference; fileEncoding = 4; lastKnownFileType = sourcecode.swift; path = Agenda.swift; sourceTree = "<group>"; };
		3970B951250F5302006C36DD /* Profissional.swift */ = {isa = PBXFileReference; fileEncoding = 4; lastKnownFileType = sourcecode.swift; path = Profissional.swift; sourceTree = "<group>"; };
		3970B952250F5302006C36DD /* Place.swift */ = {isa = PBXFileReference; fileEncoding = 4; lastKnownFileType = sourcecode.swift; path = Place.swift; sourceTree = "<group>"; };
		3970B953250F5302006C36DD /* Orcamento.swift */ = {isa = PBXFileReference; fileEncoding = 4; lastKnownFileType = sourcecode.swift; path = Orcamento.swift; sourceTree = "<group>"; };
		3970B954250F5302006C36DD /* Localizacao.swift */ = {isa = PBXFileReference; fileEncoding = 4; lastKnownFileType = sourcecode.swift; path = Localizacao.swift; sourceTree = "<group>"; };
		3970B955250F5302006C36DD /* Solicitante .swift */ = {isa = PBXFileReference; fileEncoding = 4; lastKnownFileType = sourcecode.swift; path = "Solicitante .swift"; sourceTree = "<group>"; };
		3970B956250F5302006C36DD /* Usuario.swift */ = {isa = PBXFileReference; fileEncoding = 4; lastKnownFileType = sourcecode.swift; path = Usuario.swift; sourceTree = "<group>"; };
		3970B957250F5302006C36DD /* Comentario.swift */ = {isa = PBXFileReference; fileEncoding = 4; lastKnownFileType = sourcecode.swift; path = Comentario.swift; sourceTree = "<group>"; };
		3970B959250F5302006C36DD /* ProfissionalManager.swift */ = {isa = PBXFileReference; fileEncoding = 4; lastKnownFileType = sourcecode.swift; path = ProfissionalManager.swift; sourceTree = "<group>"; };
		3970B95A250F5302006C36DD /* SomeiManager.swift */ = {isa = PBXFileReference; fileEncoding = 4; lastKnownFileType = sourcecode.swift; path = SomeiManager.swift; sourceTree = "<group>"; };
		3970B95B250F5302006C36DD /* OrcamentoManager.swift */ = {isa = PBXFileReference; fileEncoding = 4; lastKnownFileType = sourcecode.swift; path = OrcamentoManager.swift; sourceTree = "<group>"; };
		3970B95D250F5302006C36DD /* ProfissionalManagerJson.swift */ = {isa = PBXFileReference; fileEncoding = 4; lastKnownFileType = sourcecode.swift; path = ProfissionalManagerJson.swift; sourceTree = "<group>"; };
		3970B95E250F5302006C36DD /* SolicitanteManagerJson.swift */ = {isa = PBXFileReference; fileEncoding = 4; lastKnownFileType = sourcecode.swift; path = SolicitanteManagerJson.swift; sourceTree = "<group>"; };
		3970B95F250F5302006C36DD /* AnswerOrcamentoManager.swift */ = {isa = PBXFileReference; fileEncoding = 4; lastKnownFileType = sourcecode.swift; path = AnswerOrcamentoManager.swift; sourceTree = "<group>"; };
		3970B960250F5302006C36DD /* SolicitanteManager.swift */ = {isa = PBXFileReference; fileEncoding = 4; lastKnownFileType = sourcecode.swift; path = SolicitanteManager.swift; sourceTree = "<group>"; };
		3970B962250F5302006C36DD /* SomeiUserDefaults.swift */ = {isa = PBXFileReference; fileEncoding = 4; lastKnownFileType = sourcecode.swift; path = SomeiUserDefaults.swift; sourceTree = "<group>"; };
		3970B964250F5302006C36DD /* UIBackgroundCorner.swift */ = {isa = PBXFileReference; fileEncoding = 4; lastKnownFileType = sourcecode.swift; path = UIBackgroundCorner.swift; sourceTree = "<group>"; };
		3970B967250F5302006C36DD /* ActiveServicesViewController.swift */ = {isa = PBXFileReference; fileEncoding = 4; lastKnownFileType = sourcecode.swift; path = ActiveServicesViewController.swift; sourceTree = "<group>"; };
		3970B968250F5302006C36DD /* WorkersCollectionViewCell.swift */ = {isa = PBXFileReference; fileEncoding = 4; lastKnownFileType = sourcecode.swift; path = WorkersCollectionViewCell.swift; sourceTree = "<group>"; };
		3970B96A250F5302006C36DD /* ClientePerfilViewController.swift */ = {isa = PBXFileReference; fileEncoding = 4; lastKnownFileType = sourcecode.swift; path = ClientePerfilViewController.swift; sourceTree = "<group>"; };
		3970B96B250F5302006C36DD /* EmployeePerfilViewController.swift */ = {isa = PBXFileReference; fileEncoding = 4; lastKnownFileType = sourcecode.swift; path = EmployeePerfilViewController.swift; sourceTree = "<group>"; };
		3970B96C250F5302006C36DD /* SendPhotosCollectionViewCell.swift */ = {isa = PBXFileReference; fileEncoding = 4; lastKnownFileType = sourcecode.swift; path = SendPhotosCollectionViewCell.swift; sourceTree = "<group>"; };
		3970B96D250F5302006C36DD /* ComentsViewController.swift */ = {isa = PBXFileReference; fileEncoding = 4; lastKnownFileType = sourcecode.swift; path = ComentsViewController.swift; sourceTree = "<group>"; };
		3970B96E250F5302006C36DD /* InternetErrorViewController.swift */ = {isa = PBXFileReference; fileEncoding = 4; lastKnownFileType = sourcecode.swift; path = InternetErrorViewController.swift; sourceTree = "<group>"; };
		3970B96F250F5302006C36DD /* LoginInformationViewController.swift */ = {isa = PBXFileReference; fileEncoding = 4; lastKnownFileType = sourcecode.swift; path = LoginInformationViewController.swift; sourceTree = "<group>"; };
		3970B970250F5302006C36DD /* HomeViewController.swift */ = {isa = PBXFileReference; fileEncoding = 4; lastKnownFileType = sourcecode.swift; path = HomeViewController.swift; sourceTree = "<group>"; };
		3970B971250F5302006C36DD /* FinishRegisterViewController.swift */ = {isa = PBXFileReference; fileEncoding = 4; lastKnownFileType = sourcecode.swift; path = FinishRegisterViewController.swift; sourceTree = "<group>"; };
		3970B974250F5302006C36DD /* EspecificTimeViewController.swift */ = {isa = PBXFileReference; fileEncoding = 4; lastKnownFileType = sourcecode.swift; path = EspecificTimeViewController.swift; sourceTree = "<group>"; };
		3970B975250F5302006C36DD /* FlexibleHourViewController.swift */ = {isa = PBXFileReference; fileEncoding = 4; lastKnownFileType = sourcecode.swift; path = FlexibleHourViewController.swift; sourceTree = "<group>"; };
		3970B976250F5302006C36DD /* SelectMultiHourViewController.swift */ = {isa = PBXFileReference; fileEncoding = 4; lastKnownFileType = sourcecode.swift; path = SelectMultiHourViewController.swift; sourceTree = "<group>"; };
		3970B977250F5302006C36DD /* SelectHourTableViewCell.swift */ = {isa = PBXFileReference; fileEncoding = 4; lastKnownFileType = sourcecode.swift; path = SelectHourTableViewCell.swift; sourceTree = "<group>"; };
		3970B978250F5302006C36DD /* LocationViewController.swift */ = {isa = PBXFileReference; fileEncoding = 4; lastKnownFileType = sourcecode.swift; path = LocationViewController.swift; sourceTree = "<group>"; };
		3970B979250F5302006C36DD /* ComplementEstimateViewController.swift */ = {isa = PBXFileReference; fileEncoding = 4; lastKnownFileType = sourcecode.swift; path = ComplementEstimateViewController.swift; sourceTree = "<group>"; };
		3970B97A250F5302006C36DD /* HourTimeViewController.swift */ = {isa = PBXFileReference; fileEncoding = 4; lastKnownFileType = sourcecode.swift; path = HourTimeViewController.swift; sourceTree = "<group>"; };
		3970B97B250F5302006C36DD /* SendPicsViewController.swift */ = {isa = PBXFileReference; fileEncoding = 4; lastKnownFileType = sourcecode.swift; path = SendPicsViewController.swift; sourceTree = "<group>"; };
		3970B97C250F5302006C36DD /* DescriptionScreenViewController.swift */ = {isa = PBXFileReference; fileEncoding = 4; lastKnownFileType = sourcecode.swift; path = DescriptionScreenViewController.swift; sourceTree = "<group>"; };
		3970B97E250F5302006C36DD /* OrcamentosTableViewCell.swift */ = {isa = PBXFileReference; fileEncoding = 4; lastKnownFileType = sourcecode.swift; path = OrcamentosTableViewCell.swift; sourceTree = "<group>"; };
		3970B97F250F5302006C36DD /* AnswerViewController.swift */ = {isa = PBXFileReference; fileEncoding = 4; lastKnownFileType = sourcecode.swift; path = AnswerViewController.swift; sourceTree = "<group>"; };
		3970B980250F5302006C36DD /* ListOrcamentoViewController.swift */ = {isa = PBXFileReference; fileEncoding = 4; lastKnownFileType = sourcecode.swift; path = ListOrcamentoViewController.swift; sourceTree = "<group>"; };
		3970B983250F5302006C36DD /* CategoriasTableViewCell.swift */ = {isa = PBXFileReference; fileEncoding = 4; lastKnownFileType = sourcecode.swift; path = CategoriasTableViewCell.swift; sourceTree = "<group>"; };
		3970B984250F5302006C36DD /* OwnerNameViewController.swift */ = {isa = PBXFileReference; fileEncoding = 4; lastKnownFileType = sourcecode.swift; path = OwnerNameViewController.swift; sourceTree = "<group>"; };
		3970B985250F5302006C36DD /* FantasyNameViewController.swift */ = {isa = PBXFileReference; fileEncoding = 4; lastKnownFileType = sourcecode.swift; path = FantasyNameViewController.swift; sourceTree = "<group>"; };
		3970B986250F5302006C36DD /* PhoneEmployeeViewController.swift */ = {isa = PBXFileReference; fileEncoding = 4; lastKnownFileType = sourcecode.swift; path = PhoneEmployeeViewController.swift; sourceTree = "<group>"; };
		3970B987250F5302006C36DD /* CEPViewController.swift */ = {isa = PBXFileReference; fileEncoding = 4; lastKnownFileType = sourcecode.swift; path = CEPViewController.swift; sourceTree = "<group>"; };
		3970B988250F5302006C36DD /* CNPJScreenViewController.swift */ = {isa = PBXFileReference; fileEncoding = 4; lastKnownFileType = sourcecode.swift; path = CNPJScreenViewController.swift; sourceTree = "<group>"; };
		3970B989250F5302006C36DD /* PasswordEmployeeViewController.swift */ = {isa = PBXFileReference; fileEncoding = 4; lastKnownFileType = sourcecode.swift; path = PasswordEmployeeViewController.swift; sourceTree = "<group>"; };
		3970B98A250F5302006C36DD /* ConfirmPasswordEmployeeViewController.swift */ = {isa = PBXFileReference; fileEncoding = 4; lastKnownFileType = sourcecode.swift; path = ConfirmPasswordEmployeeViewController.swift; sourceTree = "<group>"; };
		3970B98B250F5302006C36DD /* NumberViewController.swift */ = {isa = PBXFileReference; fileEncoding = 4; lastKnownFileType = sourcecode.swift; path = NumberViewController.swift; sourceTree = "<group>"; };
		3970B98C250F5302006C36DD /* ComplementViewController.swift */ = {isa = PBXFileReference; fileEncoding = 4; lastKnownFileType = sourcecode.swift; path = ComplementViewController.swift; sourceTree = "<group>"; };
		3970B98D250F5302006C36DD /* MainActivityViewController.swift */ = {isa = PBXFileReference; fileEncoding = 4; lastKnownFileType = sourcecode.swift; path = MainActivityViewController.swift; sourceTree = "<group>"; };
		3970B98E250F5302006C36DD /* EmployeePhotoViewController.swift */ = {isa = PBXFileReference; fileEncoding = 4; lastKnownFileType = sourcecode.swift; path = EmployeePhotoViewController.swift; sourceTree = "<group>"; };
		3970B98F250F5302006C36DD /* EmailEmployeeViewController.swift */ = {isa = PBXFileReference; fileEncoding = 4; lastKnownFileType = sourcecode.swift; path = EmailEmployeeViewController.swift; sourceTree = "<group>"; };
		3970B990250F5302006C36DD /* ConfirmDatasEmployeeViewController.swift */ = {isa = PBXFileReference; fileEncoding = 4; lastKnownFileType = sourcecode.swift; path = ConfirmDatasEmployeeViewController.swift; sourceTree = "<group>"; };
		3970B991250F5302006C36DD /* LogradouroViewController.swift */ = {isa = PBXFileReference; fileEncoding = 4; lastKnownFileType = sourcecode.swift; path = LogradouroViewController.swift; sourceTree = "<group>"; };
		3970B993250F5302006C36DD /* ConfirmationDatasViewController.swift */ = {isa = PBXFileReference; fileEncoding = 4; lastKnownFileType = sourcecode.swift; path = ConfirmationDatasViewController.swift; sourceTree = "<group>"; };
		3970B994250F5302006C36DD /* PasswordViewController.swift */ = {isa = PBXFileReference; fileEncoding = 4; lastKnownFileType = sourcecode.swift; path = PasswordViewController.swift; sourceTree = "<group>"; };
		3970B995250F5302006C36DD /* CPFScreenViewController.swift */ = {isa = PBXFileReference; fileEncoding = 4; lastKnownFileType = sourcecode.swift; path = CPFScreenViewController.swift; sourceTree = "<group>"; };
		3970B996250F5302006C36DD /* ConfirmPasswordViewController.swift */ = {isa = PBXFileReference; fileEncoding = 4; lastKnownFileType = sourcecode.swift; path = ConfirmPasswordViewController.swift; sourceTree = "<group>"; };
		3970B997250F5302006C36DD /* EmailScreenViewController.swift */ = {isa = PBXFileReference; fileEncoding = 4; lastKnownFileType = sourcecode.swift; path = EmailScreenViewController.swift; sourceTree = "<group>"; };
		3970B998250F5302006C36DD /* AgeViewController.swift */ = {isa = PBXFileReference; fileEncoding = 4; lastKnownFileType = sourcecode.swift; path = AgeViewController.swift; sourceTree = "<group>"; };
		3970B999250F5302006C36DD /* PhotoViewController.swift */ = {isa = PBXFileReference; fileEncoding = 4; lastKnownFileType = sourcecode.swift; path = PhotoViewController.swift; sourceTree = "<group>"; };
		3970B99A250F5302006C36DD /* NameScreenViewController.swift */ = {isa = PBXFileReference; fileEncoding = 4; lastKnownFileType = sourcecode.swift; path = NameScreenViewController.swift; sourceTree = "<group>"; };
		3970B99B250F5302006C36DD /* PhoneViewController.swift */ = {isa = PBXFileReference; fileEncoding = 4; lastKnownFileType = sourcecode.swift; path = PhoneViewController.swift; sourceTree = "<group>"; };
		3970B99C250F5302006C36DD /* LoginCadastroViewControlller.swift */ = {isa = PBXFileReference; fileEncoding = 4; lastKnownFileType = sourcecode.swift; path = LoginCadastroViewControlller.swift; sourceTree = "<group>"; };
		3970B99D250F5302006C36DD /* SearchWorkersViewController.swift */ = {isa = PBXFileReference; fileEncoding = 4; lastKnownFileType = sourcecode.swift; path = SearchWorkersViewController.swift; sourceTree = "<group>"; };
		4814DA91DCEE3BDD98942C8E /* Pods_SOMEI.framework */ = {isa = PBXFileReference; explicitFileType = wrapper.framework; includeInIndex = 0; path = Pods_SOMEI.framework; sourceTree = BUILT_PRODUCTS_DIR; };
		AF93BF6073951527603D0181 /* Pods-SOMEI.release.xcconfig */ = {isa = PBXFileReference; includeInIndex = 1; lastKnownFileType = text.xcconfig; name = "Pods-SOMEI.release.xcconfig"; path = "Target Support Files/Pods-SOMEI/Pods-SOMEI.release.xcconfig"; sourceTree = "<group>"; };
		D1067F72254781880080DA33 /* MouthGoalViewController.swift */ = {isa = PBXFileReference; lastKnownFileType = sourcecode.swift; path = MouthGoalViewController.swift; sourceTree = "<group>"; };
		D11378B6255B4BD5000E764E /* ActiveServiceSolicitanteDetailViewController.swift */ = {isa = PBXFileReference; lastKnownFileType = sourcecode.swift; path = ActiveServiceSolicitanteDetailViewController.swift; sourceTree = "<group>"; };
		D11378BB255B7063000E764E /* OwnerCpfRegisterViewController.swift */ = {isa = PBXFileReference; lastKnownFileType = sourcecode.swift; path = OwnerCpfRegisterViewController.swift; sourceTree = "<group>"; };
		D1184F13255A0D0000D566CE /* MagemDeLucro.swift */ = {isa = PBXFileReference; lastKnownFileType = sourcecode.swift; path = MagemDeLucro.swift; sourceTree = "<group>"; };
		D1184F18255A149C00D566CE /* Prevision.swift */ = {isa = PBXFileReference; lastKnownFileType = sourcecode.swift; path = Prevision.swift; sourceTree = "<group>"; };
		D1184F21255A181C00D566CE /* MouthsResults.swift */ = {isa = PBXFileReference; lastKnownFileType = sourcecode.swift; path = MouthsResults.swift; sourceTree = "<group>"; };
		D1184F2D255A21FD00D566CE /* DepositosBancarios.swift */ = {isa = PBXFileReference; lastKnownFileType = sourcecode.swift; path = DepositosBancarios.swift; sourceTree = "<group>"; };
		D1184F39255A255800D566CE /* Deposit.swift */ = {isa = PBXFileReference; lastKnownFileType = sourcecode.swift; path = Deposit.swift; sourceTree = "<group>"; };
		D125C38025254DB500FD8E33 /* PhotoPortfolioCollectionViewCell.swift */ = {isa = PBXFileReference; lastKnownFileType = sourcecode.swift; path = PhotoPortfolioCollectionViewCell.swift; sourceTree = "<group>"; };
		D15E1A2525391C2600E0F7E3 /* TypeAgendaViewController.swift */ = {isa = PBXFileReference; lastKnownFileType = sourcecode.swift; path = TypeAgendaViewController.swift; sourceTree = "<group>"; };
		D16B06922547B45F0057974A /* PostingValueStruct.swift */ = {isa = PBXFileReference; lastKnownFileType = sourcecode.swift; path = PostingValueStruct.swift; sourceTree = "<group>"; };
		D16B069A2547B5230057974A /* DtVencimentoStruct.swift */ = {isa = PBXFileReference; lastKnownFileType = sourcecode.swift; path = DtVencimentoStruct.swift; sourceTree = "<group>"; };
		D171F71F25314E8000C67EA7 /* OrcamentoAnswerStruct.swift */ = {isa = PBXFileReference; lastKnownFileType = sourcecode.swift; path = OrcamentoAnswerStruct.swift; sourceTree = "<group>"; };
		D171F7352534CD7700C67EA7 /* FinancialManager.swift */ = {isa = PBXFileReference; lastKnownFileType = sourcecode.swift; path = FinancialManager.swift; sourceTree = "<group>"; };
		D171F73A2534CF4D00C67EA7 /* Financial.swift */ = {isa = PBXFileReference; lastKnownFileType = sourcecode.swift; path = Financial.swift; sourceTree = "<group>"; };
		D171F7572534F2A400C67EA7 /* BarChart.swift */ = {isa = PBXFileReference; lastKnownFileType = sourcecode.swift; path = BarChart.swift; sourceTree = "<group>"; };
		D17228AF251953CD008D129C /* AnswerOrcamentoViewController.swift */ = {isa = PBXFileReference; lastKnownFileType = sourcecode.swift; path = AnswerOrcamentoViewController.swift; sourceTree = "<group>"; };
		D17228B425195E98008D129C /* OrcamentoAnswerTableViewCell.swift */ = {isa = PBXFileReference; lastKnownFileType = sourcecode.swift; path = OrcamentoAnswerTableViewCell.swift; sourceTree = "<group>"; };
		D180717925281A0E0087385E /* photosOrcamentoCollectionViewCell.swift */ = {isa = PBXFileReference; lastKnownFileType = sourcecode.swift; path = photosOrcamentoCollectionViewCell.swift; sourceTree = "<group>"; };
		D180717F25284D870087385E /* RequestsTableViewController.swift */ = {isa = PBXFileReference; lastKnownFileType = sourcecode.swift; path = RequestsTableViewController.swift; sourceTree = "<group>"; };
		D1807187252854390087385E /* ProfissionalServicosAtivos.swift */ = {isa = PBXFileReference; lastKnownFileType = sourcecode.swift; path = ProfissionalServicosAtivos.swift; sourceTree = "<group>"; };
		D18BE41A2531213800B32449 /* RequestedServicesViewController.swift */ = {isa = PBXFileReference; lastKnownFileType = sourcecode.swift; path = RequestedServicesViewController.swift; sourceTree = "<group>"; };
		D18BE41F2531276E00B32449 /* requestedServicesTableViewCell.swift */ = {isa = PBXFileReference; lastKnownFileType = sourcecode.swift; path = requestedServicesTableViewCell.swift; sourceTree = "<group>"; };
		D19FB8ED2529A0A000B42211 /* FinancialReportingViewController.swift */ = {isa = PBXFileReference; lastKnownFileType = sourcecode.swift; path = FinancialReportingViewController.swift; sourceTree = "<group>"; };
		D19FB8F32529BAB000B42211 /* CreditAndDebitViewController.swift */ = {isa = PBXFileReference; lastKnownFileType = sourcecode.swift; path = CreditAndDebitViewController.swift; sourceTree = "<group>"; };
		D19FB8F8252A86A300B42211 /* CreditAndDebitTableViewCell.swift */ = {isa = PBXFileReference; lastKnownFileType = sourcecode.swift; path = CreditAndDebitTableViewCell.swift; sourceTree = "<group>"; };
		D1B1D1A425535BF40030FFBB /* BankDepositsViewController.swift */ = {isa = PBXFileReference; lastKnownFileType = sourcecode.swift; path = BankDepositsViewController.swift; sourceTree = "<group>"; };
		D1B1D1AC25535EE20030FFBB /* DepositsTableViewCell.swift */ = {isa = PBXFileReference; lastKnownFileType = sourcecode.swift; path = DepositsTableViewCell.swift; sourceTree = "<group>"; };
		D1B75A2D2547903D006F614A /* ReleasesValue.swift */ = {isa = PBXFileReference; lastKnownFileType = sourcecode.swift; path = ReleasesValue.swift; sourceTree = "<group>"; };
		D1B75A3225479097006F614A /* DtVencimento.swift */ = {isa = PBXFileReference; lastKnownFileType = sourcecode.swift; path = DtVencimento.swift; sourceTree = "<group>"; };
		D1C7054D25577F31008C9C3F /* EvaluateServiceSolicitanteViewController.swift */ = {isa = PBXFileReference; lastKnownFileType = sourcecode.swift; path = EvaluateServiceSolicitanteViewController.swift; sourceTree = "<group>"; };
		D1C7055525577FD5008C9C3F /* EvaluateServiceManager.swift */ = {isa = PBXFileReference; lastKnownFileType = sourcecode.swift; path = EvaluateServiceManager.swift; sourceTree = "<group>"; };
		D1C7055D255785A9008C9C3F /* FinishServiceStructSolicitante.swift */ = {isa = PBXFileReference; lastKnownFileType = sourcecode.swift; path = FinishServiceStructSolicitante.swift; sourceTree = "<group>"; };
		D1C7057F25586664008C9C3F /* PaymentManager.swift */ = {isa = PBXFileReference; lastKnownFileType = sourcecode.swift; path = PaymentManager.swift; sourceTree = "<group>"; };
		D1C7058A255867C4008C9C3F /* CardInformationsViewController.swift */ = {isa = PBXFileReference; lastKnownFileType = sourcecode.swift; path = CardInformationsViewController.swift; sourceTree = "<group>"; };
		D1C7058F25586BDC008C9C3F /* ConfirmPaymentViewController.swift */ = {isa = PBXFileReference; lastKnownFileType = sourcecode.swift; path = ConfirmPaymentViewController.swift; sourceTree = "<group>"; };
		D1D09036254CE54500AF69FB /* DetailOrcamentoListViewController.swift */ = {isa = PBXFileReference; lastKnownFileType = sourcecode.swift; path = DetailOrcamentoListViewController.swift; sourceTree = "<group>"; };
		D1E51A1B2558A520004FE02C /* AccountStruct.swift */ = {isa = PBXFileReference; lastKnownFileType = sourcecode.swift; path = AccountStruct.swift; sourceTree = "<group>"; };
		D1E51A202558B5BF004FE02C /* AccountRegisterViewController.swift */ = {isa = PBXFileReference; lastKnownFileType = sourcecode.swift; path = AccountRegisterViewController.swift; sourceTree = "<group>"; };
		D1E51A342558B793004FE02C /* TypeAccountManager.swift */ = {isa = PBXFileReference; lastKnownFileType = sourcecode.swift; path = TypeAccountManager.swift; sourceTree = "<group>"; };
		D1ECE68A252A94BB00F70CE4 /* NewDespesaViewController.swift */ = {isa = PBXFileReference; lastKnownFileType = sourcecode.swift; path = NewDespesaViewController.swift; sourceTree = "<group>"; };
		D1ECE693252BB04000F70CE4 /* MouthResultViewController.swift */ = {isa = PBXFileReference; lastKnownFileType = sourcecode.swift; path = MouthResultViewController.swift; sourceTree = "<group>"; };
		D6929F95C8DA35D5736F1289 /* Pods-SOMEI.debug.xcconfig */ = {isa = PBXFileReference; includeInIndex = 1; lastKnownFileType = text.xcconfig; name = "Pods-SOMEI.debug.xcconfig"; path = "Target Support Files/Pods-SOMEI/Pods-SOMEI.debug.xcconfig"; sourceTree = "<group>"; };
/* End PBXFileReference section */

/* Begin PBXFrameworksBuildPhase section */
		3970B90F250F52D1006C36DD /* Frameworks */ = {
			isa = PBXFrameworksBuildPhase;
			buildActionMask = 2147483647;
			files = (
				D2F70AC9666561AA392EA1E3 /* Pods_SOMEI.framework in Frameworks */,
			);
			runOnlyForDeploymentPostprocessing = 0;
		};
		3970B925250F52D3006C36DD /* Frameworks */ = {
			isa = PBXFrameworksBuildPhase;
			buildActionMask = 2147483647;
			files = (
			);
			runOnlyForDeploymentPostprocessing = 0;
		};
		3970B930250F52D3006C36DD /* Frameworks */ = {
			isa = PBXFrameworksBuildPhase;
			buildActionMask = 2147483647;
			files = (
			);
			runOnlyForDeploymentPostprocessing = 0;
		};
/* End PBXFrameworksBuildPhase section */

/* Begin PBXGroup section */
		392459C5250FDDBF0031B11A /* View */ = {
			isa = PBXGroup;
			children = (
				3970B963250F5302006C36DD /* UIComponents */,
				3970B91E250F52D3006C36DD /* Assets.xcassets */,
				3970B920250F52D3006C36DD /* LaunchScreen.storyboard */,
				3970B91B250F52D1006C36DD /* Main.storyboard */,
			);
			path = View;
			sourceTree = "<group>";
		};
		3970B909250F52D1006C36DD = {
			isa = PBXGroup;
			children = (
				3970B914250F52D1006C36DD /* SOMEI */,
				3970B92B250F52D3006C36DD /* SOMEITests */,
				3970B936250F52D3006C36DD /* SOMEIUITests */,
				3970B913250F52D1006C36DD /* Products */,
				F3ACCCFF9CB0538314FC41D7 /* Pods */,
				C893DD6CBC5EB41C054B4530 /* Frameworks */,
			);
			sourceTree = "<group>";
		};
		3970B913250F52D1006C36DD /* Products */ = {
			isa = PBXGroup;
			children = (
				3970B912250F52D1006C36DD /* SOMEI.app */,
				3970B928250F52D3006C36DD /* SOMEITests.xctest */,
				3970B933250F52D3006C36DD /* SOMEIUITests.xctest */,
			);
			name = Products;
			sourceTree = "<group>";
		};
		3970B914250F52D1006C36DD /* SOMEI */ = {
			isa = PBXGroup;
			children = (
				3970B945250F5302006C36DD /* Provider */,
				3970B958250F5302006C36DD /* Manager */,
				3970B961250F5302006C36DD /* UserDefaults */,
				3970B947250F5302006C36DD /* Model */,
				3970B965250F5302006C36DD /* Controllers */,
				392459C5250FDDBF0031B11A /* View */,
				3970B915250F52D1006C36DD /* AppDelegate.swift */,
				3970B917250F52D1006C36DD /* SceneDelegate.swift */,
				3970B919250F52D1006C36DD /* ViewController.swift */,
				3970B923250F52D3006C36DD /* Info.plist */,
				39498D7D250F5EA80043F97A /* GoogleService-Info.plist */,
				39498D72250F58640043F97A /* SOMEI.xcdatamodeld */,
			);
			path = SOMEI;
			sourceTree = "<group>";
		};
		3970B92B250F52D3006C36DD /* SOMEITests */ = {
			isa = PBXGroup;
			children = (
				3970B92C250F52D3006C36DD /* SOMEITests.swift */,
				3970B92E250F52D3006C36DD /* Info.plist */,
			);
			path = SOMEITests;
			sourceTree = "<group>";
		};
		3970B936250F52D3006C36DD /* SOMEIUITests */ = {
			isa = PBXGroup;
			children = (
				3970B937250F52D3006C36DD /* SOMEIUITests.swift */,
				3970B939250F52D3006C36DD /* Info.plist */,
			);
			path = SOMEIUITests;
			sourceTree = "<group>";
		};
		3970B945250F5302006C36DD /* Provider */ = {
			isa = PBXGroup;
			children = (
				3970B946250F5302006C36DD /* ProviderSomei.swift */,
				39498D7F250F7BFA0043F97A /* ProviderResource.swift */,
			);
			path = Provider;
			sourceTree = "<group>";
		};
		3970B947250F5302006C36DD /* Model */ = {
			isa = PBXGroup;
			children = (
				D1B75A2B25478FF1006F614A /* FinancialModel */,
				3970B948250F5302006C36DD /* Structures */,
				3970B950250F5302006C36DD /* Agenda.swift */,
				3970B951250F5302006C36DD /* Profissional.swift */,
				3970B952250F5302006C36DD /* Place.swift */,
				3970B953250F5302006C36DD /* Orcamento.swift */,
				3970B954250F5302006C36DD /* Localizacao.swift */,
				3970B955250F5302006C36DD /* Solicitante .swift */,
				3970B956250F5302006C36DD /* Usuario.swift */,
				3970B957250F5302006C36DD /* Comentario.swift */,
				D1807187252854390087385E /* ProfissionalServicosAtivos.swift */,
				D171F73A2534CF4D00C67EA7 /* Financial.swift */,
			);
			path = Model;
			sourceTree = "<group>";
		};
		3970B948250F5302006C36DD /* Structures */ = {
			isa = PBXGroup;
			children = (
				3970B949250F5302006C36DD /* ProfissionalStruct.swift */,
				3970B94A250F5302006C36DD /* SolicitanteStruct.swift */,
				3970B94B250F5302006C36DD /* HourStruct.swift */,
				3970B94C250F5302006C36DD /* hour.swift */,
				3970B94D250F5302006C36DD /* AgendaStruct.swift */,
				3970B94E250F5302006C36DD /* LocalizacaoStruct.swift */,
				3970B94F250F5302006C36DD /* OrcamentoStruct.swift */,
				D171F71F25314E8000C67EA7 /* OrcamentoAnswerStruct.swift */,
				D16B06922547B45F0057974A /* PostingValueStruct.swift */,
				D16B069A2547B5230057974A /* DtVencimentoStruct.swift */,
				D1C7055D255785A9008C9C3F /* FinishServiceStructSolicitante.swift */,
				D1E51A1B2558A520004FE02C /* AccountStruct.swift */,
			);
			path = Structures;
			sourceTree = "<group>";
		};
		3970B958250F5302006C36DD /* Manager */ = {
			isa = PBXGroup;
			children = (
				3970B959250F5302006C36DD /* ProfissionalManager.swift */,
				3970B95A250F5302006C36DD /* SomeiManager.swift */,
				3970B95B250F5302006C36DD /* OrcamentoManager.swift */,
				3970B95F250F5302006C36DD /* AnswerOrcamentoManager.swift */,
				3970B960250F5302006C36DD /* SolicitanteManager.swift */,
				D171F7352534CD7700C67EA7 /* FinancialManager.swift */,
				D1C7057F25586664008C9C3F /* PaymentManager.swift */,
				D1E51A342558B793004FE02C /* TypeAccountManager.swift */,
				D1C7055525577FD5008C9C3F /* EvaluateServiceManager.swift */,
				3970B95C250F5302006C36DD /* JsonManager */,
			);
			path = Manager;
			sourceTree = "<group>";
		};
		3970B95C250F5302006C36DD /* JsonManager */ = {
			isa = PBXGroup;
			children = (
				3970B95D250F5302006C36DD /* ProfissionalManagerJson.swift */,
				3970B95E250F5302006C36DD /* SolicitanteManagerJson.swift */,
			);
			path = JsonManager;
			sourceTree = "<group>";
		};
		3970B961250F5302006C36DD /* UserDefaults */ = {
			isa = PBXGroup;
			children = (
				3970B962250F5302006C36DD /* SomeiUserDefaults.swift */,
			);
			path = UserDefaults;
			sourceTree = "<group>";
		};
		3970B963250F5302006C36DD /* UIComponents */ = {
			isa = PBXGroup;
			children = (
				3970B964250F5302006C36DD /* UIBackgroundCorner.swift */,
				39498D79250F5C6D0043F97A /* UICornerableButton.swift */,
				39498D7B250F5C8F0043F97A /* UICornerableView.swift */,
				D171F7572534F2A400C67EA7 /* BarChart.swift */,
			);
			path = UIComponents;
			sourceTree = "<group>";
		};
		3970B965250F5302006C36DD /* Controllers */ = {
			isa = PBXGroup;
			children = (
				D1C7057E2558664C008C9C3F /* Payment */,
				D1C7054925577EEE008C9C3F /* EvaluateService */,
				D18BE419253120F700B32449 /* ProfessionalRequestedServices */,
				D19FB8EC2529A03500B42211 /* Financial */,
				3970B981250F5302006C36DD /* RegistersControllers */,
				3970B969250F5302006C36DD /* Perfil */,
				3970B97D250F5302006C36DD /* AwserOrcamento */,
				3970B966250F5302006C36DD /* ActiveServices */,
				3970B99C250F5302006C36DD /* LoginCadastroViewControlller.swift */,
				3970B96F250F5302006C36DD /* LoginInformationViewController.swift */,
				3970B970250F5302006C36DD /* HomeViewController.swift */,
				3970B96E250F5302006C36DD /* InternetErrorViewController.swift */,
				3970B99D250F5302006C36DD /* SearchWorkersViewController.swift */,
				3970B96D250F5302006C36DD /* ComentsViewController.swift */,
				3970B971250F5302006C36DD /* FinishRegisterViewController.swift */,
				3970B96C250F5302006C36DD /* SendPhotosCollectionViewCell.swift */,
				3970B968250F5302006C36DD /* WorkersCollectionViewCell.swift */,
			);
			path = Controllers;
			sourceTree = "<group>";
		};
		3970B966250F5302006C36DD /* ActiveServices */ = {
			isa = PBXGroup;
			children = (
				D11378A1255B4A57000E764E /* ActiveServiceSolicitante */,
				D180717E25284D3A0087385E /* ActiveServicesProfissional */,
				3970B972250F5302006C36DD /* EstimateControllers */,
				3970B967250F5302006C36DD /* ActiveServicesViewController.swift */,
				392459C6250FDE300031B11A /* OrcamentoTableViewCell.swift */,
				D180717925281A0E0087385E /* photosOrcamentoCollectionViewCell.swift */,
			);
			path = ActiveServices;
			sourceTree = "<group>";
		};
		3970B969250F5302006C36DD /* Perfil */ = {
			isa = PBXGroup;
			children = (
				3970B96A250F5302006C36DD /* ClientePerfilViewController.swift */,
				3970B96B250F5302006C36DD /* EmployeePerfilViewController.swift */,
				D125C38025254DB500FD8E33 /* PhotoPortfolioCollectionViewCell.swift */,
			);
			path = Perfil;
			sourceTree = "<group>";
		};
		3970B972250F5302006C36DD /* EstimateControllers */ = {
			isa = PBXGroup;
			children = (
				3970B973250F5302006C36DD /* HourSelect */,
				3970B978250F5302006C36DD /* LocationViewController.swift */,
				3970B979250F5302006C36DD /* ComplementEstimateViewController.swift */,
				3970B97A250F5302006C36DD /* HourTimeViewController.swift */,
				3970B97B250F5302006C36DD /* SendPicsViewController.swift */,
				3970B97C250F5302006C36DD /* DescriptionScreenViewController.swift */,
			);
			path = EstimateControllers;
			sourceTree = "<group>";
		};
		3970B973250F5302006C36DD /* HourSelect */ = {
			isa = PBXGroup;
			children = (
				3970B974250F5302006C36DD /* EspecificTimeViewController.swift */,
				3970B975250F5302006C36DD /* FlexibleHourViewController.swift */,
				3970B976250F5302006C36DD /* SelectMultiHourViewController.swift */,
				3970B977250F5302006C36DD /* SelectHourTableViewCell.swift */,
				D15E1A2525391C2600E0F7E3 /* TypeAgendaViewController.swift */,
			);
			path = HourSelect;
			sourceTree = "<group>";
		};
		3970B97D250F5302006C36DD /* AwserOrcamento */ = {
			isa = PBXGroup;
			children = (
				D1D09035254CE52900AF69FB /* ProfissionalAwnser */,
				3970B97E250F5302006C36DD /* OrcamentosTableViewCell.swift */,
				3970B97F250F5302006C36DD /* AnswerViewController.swift */,
				3970B980250F5302006C36DD /* ListOrcamentoViewController.swift */,
				D17228AF251953CD008D129C /* AnswerOrcamentoViewController.swift */,
				D17228B425195E98008D129C /* OrcamentoAnswerTableViewCell.swift */,
			);
			path = AwserOrcamento;
			sourceTree = "<group>";
		};
		3970B981250F5302006C36DD /* RegistersControllers */ = {
			isa = PBXGroup;
			children = (
				3970B982250F5302006C36DD /* EmployeesControllers */,
				3970B992250F5302006C36DD /* ClientControllers */,
			);
			path = RegistersControllers;
			sourceTree = "<group>";
		};
		3970B982250F5302006C36DD /* EmployeesControllers */ = {
			isa = PBXGroup;
			children = (
				3970B983250F5302006C36DD /* CategoriasTableViewCell.swift */,
				3970B984250F5302006C36DD /* OwnerNameViewController.swift */,
				3970B985250F5302006C36DD /* FantasyNameViewController.swift */,
				3970B986250F5302006C36DD /* PhoneEmployeeViewController.swift */,
				3970B987250F5302006C36DD /* CEPViewController.swift */,
				3970B988250F5302006C36DD /* CNPJScreenViewController.swift */,
				3970B989250F5302006C36DD /* PasswordEmployeeViewController.swift */,
				3970B98A250F5302006C36DD /* ConfirmPasswordEmployeeViewController.swift */,
				3970B98B250F5302006C36DD /* NumberViewController.swift */,
				3970B98C250F5302006C36DD /* ComplementViewController.swift */,
				3970B98D250F5302006C36DD /* MainActivityViewController.swift */,
				3970B98E250F5302006C36DD /* EmployeePhotoViewController.swift */,
				3970B98F250F5302006C36DD /* EmailEmployeeViewController.swift */,
				3970B990250F5302006C36DD /* ConfirmDatasEmployeeViewController.swift */,
				3970B991250F5302006C36DD /* LogradouroViewController.swift */,
				D1067F72254781880080DA33 /* MouthGoalViewController.swift */,
				D1E51A202558B5BF004FE02C /* AccountRegisterViewController.swift */,
				D11378BB255B7063000E764E /* OwnerCpfRegisterViewController.swift */,
			);
			path = EmployeesControllers;
			sourceTree = "<group>";
		};
		3970B992250F5302006C36DD /* ClientControllers */ = {
			isa = PBXGroup;
			children = (
				3970B993250F5302006C36DD /* ConfirmationDatasViewController.swift */,
				3970B994250F5302006C36DD /* PasswordViewController.swift */,
				3970B995250F5302006C36DD /* CPFScreenViewController.swift */,
				3970B996250F5302006C36DD /* ConfirmPasswordViewController.swift */,
				3970B997250F5302006C36DD /* EmailScreenViewController.swift */,
				3970B998250F5302006C36DD /* AgeViewController.swift */,
				3970B999250F5302006C36DD /* PhotoViewController.swift */,
				3970B99A250F5302006C36DD /* NameScreenViewController.swift */,
				3970B99B250F5302006C36DD /* PhoneViewController.swift */,
			);
			path = ClientControllers;
			sourceTree = "<group>";
		};
		C893DD6CBC5EB41C054B4530 /* Frameworks */ = {
			isa = PBXGroup;
			children = (
				4814DA91DCEE3BDD98942C8E /* Pods_SOMEI.framework */,
			);
			name = Frameworks;
			sourceTree = "<group>";
		};
		D11378A1255B4A57000E764E /* ActiveServiceSolicitante */ = {
			isa = PBXGroup;
			children = (
				D11378B6255B4BD5000E764E /* ActiveServiceSolicitanteDetailViewController.swift */,
			);
			path = ActiveServiceSolicitante;
			sourceTree = "<group>";
		};
		D1184F04255A0BA600D566CE /* Relatorio */ = {
			isa = PBXGroup;
			children = (
				D1184F0A255A0C2000D566CE /* ReportModels */,
			);
			path = Relatorio;
			sourceTree = "<group>";
		};
		D1184F0A255A0C2000D566CE /* ReportModels */ = {
			isa = PBXGroup;
			children = (
				D1184F13255A0D0000D566CE /* MagemDeLucro.swift */,
			);
			path = ReportModels;
			sourceTree = "<group>";
		};
		D1184F20255A173B00D566CE /* MouthsResults */ = {
			isa = PBXGroup;
			children = (
				D1184F21255A181C00D566CE /* MouthsResults.swift */,
			);
			path = MouthsResults;
			sourceTree = "<group>";
		};
		D1184F29255A1E9200D566CE /* BankDeposits */ = {
			isa = PBXGroup;
			children = (
				D1184F38255A249600D566CE /* ModelsDeposit */,
				D1184F2D255A21FD00D566CE /* DepositosBancarios.swift */,
			);
			path = BankDeposits;
			sourceTree = "<group>";
		};
		D1184F38255A249600D566CE /* ModelsDeposit */ = {
			isa = PBXGroup;
			children = (
				D1184F39255A255800D566CE /* Deposit.swift */,
			);
			path = ModelsDeposit;
			sourceTree = "<group>";
		};
		D180717E25284D3A0087385E /* ActiveServicesProfissional */ = {
			isa = PBXGroup;
			children = (
				D180717F25284D870087385E /* RequestsTableViewController.swift */,
			);
			path = ActiveServicesProfissional;
			sourceTree = "<group>";
		};
		D18BE419253120F700B32449 /* ProfessionalRequestedServices */ = {
			isa = PBXGroup;
			children = (
				D18BE41A2531213800B32449 /* RequestedServicesViewController.swift */,
				D18BE41F2531276E00B32449 /* requestedServicesTableViewCell.swift */,
			);
			path = ProfessionalRequestedServices;
			sourceTree = "<group>";
		};
		D19FB8EC2529A03500B42211 /* Financial */ = {
			isa = PBXGroup;
			children = (
				D1B1D1A325535BD50030FFBB /* BanksDeposits */,
				D1ECE68F252BAFA800F70CE4 /* MounthReport */,
				D19FB8F22529BA9200B42211 /* CreditAndDebit */,
				D19FB8ED2529A0A000B42211 /* FinancialReportingViewController.swift */,
			);
			path = Financial;
			sourceTree = "<group>";
		};
		D19FB8F22529BA9200B42211 /* CreditAndDebit */ = {
			isa = PBXGroup;
			children = (
				D19FB8F32529BAB000B42211 /* CreditAndDebitViewController.swift */,
				D19FB8F8252A86A300B42211 /* CreditAndDebitTableViewCell.swift */,
				D1ECE68A252A94BB00F70CE4 /* NewDespesaViewController.swift */,
			);
			path = CreditAndDebit;
			sourceTree = "<group>";
		};
		D1B1D1A325535BD50030FFBB /* BanksDeposits */ = {
			isa = PBXGroup;
			children = (
				D1B1D1A425535BF40030FFBB /* BankDepositsViewController.swift */,
				D1B1D1AC25535EE20030FFBB /* DepositsTableViewCell.swift */,
			);
			path = BanksDeposits;
			sourceTree = "<group>";
		};
		D1B75A2B25478FF1006F614A /* FinancialModel */ = {
			isa = PBXGroup;
			children = (
				D1184F29255A1E9200D566CE /* BankDeposits */,
				D1184F20255A173B00D566CE /* MouthsResults */,
				D1184F04255A0BA600D566CE /* Relatorio */,
				D1B75A2C25479005006F614A /* CreditsAndDebitsResults */,
			);
			path = FinancialModel;
			sourceTree = "<group>";
		};
		D1B75A2C25479005006F614A /* CreditsAndDebitsResults */ = {
			isa = PBXGroup;
			children = (
				D1B75A2D2547903D006F614A /* ReleasesValue.swift */,
				D1B75A3225479097006F614A /* DtVencimento.swift */,
				D1184F18255A149C00D566CE /* Prevision.swift */,
			);
			path = CreditsAndDebitsResults;
			sourceTree = "<group>";
		};
		D1C7054925577EEE008C9C3F /* EvaluateService */ = {
			isa = PBXGroup;
			children = (
				D1C7054D25577F31008C9C3F /* EvaluateServiceSolicitanteViewController.swift */,
			);
			path = EvaluateService;
			sourceTree = "<group>";
		};
		D1C7057E2558664C008C9C3F /* Payment */ = {
			isa = PBXGroup;
			children = (
				D1C7058A255867C4008C9C3F /* CardInformationsViewController.swift */,
				D1C7058F25586BDC008C9C3F /* ConfirmPaymentViewController.swift */,
			);
			path = Payment;
			sourceTree = "<group>";
		};
		D1D09035254CE52900AF69FB /* ProfissionalAwnser */ = {
			isa = PBXGroup;
			children = (
				D1D09036254CE54500AF69FB /* DetailOrcamentoListViewController.swift */,
			);
			path = ProfissionalAwnser;
			sourceTree = "<group>";
		};
		D1ECE68F252BAFA800F70CE4 /* MounthReport */ = {
			isa = PBXGroup;
			children = (
				D1ECE693252BB04000F70CE4 /* MouthResultViewController.swift */,
			);
			path = MounthReport;
			sourceTree = "<group>";
		};
		F3ACCCFF9CB0538314FC41D7 /* Pods */ = {
			isa = PBXGroup;
			children = (
				D6929F95C8DA35D5736F1289 /* Pods-SOMEI.debug.xcconfig */,
				AF93BF6073951527603D0181 /* Pods-SOMEI.release.xcconfig */,
			);
			path = Pods;
			sourceTree = "<group>";
		};
/* End PBXGroup section */

/* Begin PBXNativeTarget section */
		3970B911250F52D1006C36DD /* SOMEI */ = {
			isa = PBXNativeTarget;
			buildConfigurationList = 3970B93C250F52D3006C36DD /* Build configuration list for PBXNativeTarget "SOMEI" */;
			buildPhases = (
				0186D50E4847682814A910EA /* [CP] Check Pods Manifest.lock */,
				3970B90E250F52D1006C36DD /* Sources */,
				3970B90F250F52D1006C36DD /* Frameworks */,
				3970B910250F52D1006C36DD /* Resources */,
				D7A96E2B66233FE719434DB0 /* [CP] Embed Pods Frameworks */,
			);
			buildRules = (
			);
			dependencies = (
			);
			name = SOMEI;
			productName = SOMEI;
			productReference = 3970B912250F52D1006C36DD /* SOMEI.app */;
			productType = "com.apple.product-type.application";
		};
		3970B927250F52D3006C36DD /* SOMEITests */ = {
			isa = PBXNativeTarget;
			buildConfigurationList = 3970B93F250F52D3006C36DD /* Build configuration list for PBXNativeTarget "SOMEITests" */;
			buildPhases = (
				3970B924250F52D3006C36DD /* Sources */,
				3970B925250F52D3006C36DD /* Frameworks */,
				3970B926250F52D3006C36DD /* Resources */,
			);
			buildRules = (
			);
			dependencies = (
				3970B92A250F52D3006C36DD /* PBXTargetDependency */,
			);
			name = SOMEITests;
			productName = SOMEITests;
			productReference = 3970B928250F52D3006C36DD /* SOMEITests.xctest */;
			productType = "com.apple.product-type.bundle.unit-test";
		};
		3970B932250F52D3006C36DD /* SOMEIUITests */ = {
			isa = PBXNativeTarget;
			buildConfigurationList = 3970B942250F52D3006C36DD /* Build configuration list for PBXNativeTarget "SOMEIUITests" */;
			buildPhases = (
				3970B92F250F52D3006C36DD /* Sources */,
				3970B930250F52D3006C36DD /* Frameworks */,
				3970B931250F52D3006C36DD /* Resources */,
			);
			buildRules = (
			);
			dependencies = (
				3970B935250F52D3006C36DD /* PBXTargetDependency */,
			);
			name = SOMEIUITests;
			productName = SOMEIUITests;
			productReference = 3970B933250F52D3006C36DD /* SOMEIUITests.xctest */;
			productType = "com.apple.product-type.bundle.ui-testing";
		};
/* End PBXNativeTarget section */

/* Begin PBXProject section */
		3970B90A250F52D1006C36DD /* Project object */ = {
			isa = PBXProject;
			attributes = {
				LastSwiftUpdateCheck = 1170;
				LastUpgradeCheck = 1170;
				ORGANIZATIONNAME = "José Guilherme Bestel";
				TargetAttributes = {
					3970B911250F52D1006C36DD = {
						CreatedOnToolsVersion = 11.7;
					};
					3970B927250F52D3006C36DD = {
						CreatedOnToolsVersion = 11.7;
						TestTargetID = 3970B911250F52D1006C36DD;
					};
					3970B932250F52D3006C36DD = {
						CreatedOnToolsVersion = 11.7;
						TestTargetID = 3970B911250F52D1006C36DD;
					};
				};
			};
			buildConfigurationList = 3970B90D250F52D1006C36DD /* Build configuration list for PBXProject "SOMEI" */;
			compatibilityVersion = "Xcode 9.3";
			developmentRegion = en;
			hasScannedForEncodings = 0;
			knownRegions = (
				en,
				Base,
			);
			mainGroup = 3970B909250F52D1006C36DD;
			productRefGroup = 3970B913250F52D1006C36DD /* Products */;
			projectDirPath = "";
			projectRoot = "";
			targets = (
				3970B911250F52D1006C36DD /* SOMEI */,
				3970B927250F52D3006C36DD /* SOMEITests */,
				3970B932250F52D3006C36DD /* SOMEIUITests */,
			);
		};
/* End PBXProject section */

/* Begin PBXResourcesBuildPhase section */
		3970B910250F52D1006C36DD /* Resources */ = {
			isa = PBXResourcesBuildPhase;
			buildActionMask = 2147483647;
			files = (
				3970B922250F52D3006C36DD /* LaunchScreen.storyboard in Resources */,
				39498D7E250F5EA80043F97A /* GoogleService-Info.plist in Resources */,
				3970B91F250F52D3006C36DD /* Assets.xcassets in Resources */,
				3970B91D250F52D1006C36DD /* Main.storyboard in Resources */,
			);
			runOnlyForDeploymentPostprocessing = 0;
		};
		3970B926250F52D3006C36DD /* Resources */ = {
			isa = PBXResourcesBuildPhase;
			buildActionMask = 2147483647;
			files = (
			);
			runOnlyForDeploymentPostprocessing = 0;
		};
		3970B931250F52D3006C36DD /* Resources */ = {
			isa = PBXResourcesBuildPhase;
			buildActionMask = 2147483647;
			files = (
			);
			runOnlyForDeploymentPostprocessing = 0;
		};
/* End PBXResourcesBuildPhase section */

/* Begin PBXShellScriptBuildPhase section */
		0186D50E4847682814A910EA /* [CP] Check Pods Manifest.lock */ = {
			isa = PBXShellScriptBuildPhase;
			buildActionMask = 2147483647;
			files = (
			);
			inputFileListPaths = (
			);
			inputPaths = (
				"${PODS_PODFILE_DIR_PATH}/Podfile.lock",
				"${PODS_ROOT}/Manifest.lock",
			);
			name = "[CP] Check Pods Manifest.lock";
			outputFileListPaths = (
			);
			outputPaths = (
				"$(DERIVED_FILE_DIR)/Pods-SOMEI-checkManifestLockResult.txt",
			);
			runOnlyForDeploymentPostprocessing = 0;
			shellPath = /bin/sh;
			shellScript = "diff \"${PODS_PODFILE_DIR_PATH}/Podfile.lock\" \"${PODS_ROOT}/Manifest.lock\" > /dev/null\nif [ $? != 0 ] ; then\n    # print error to STDERR\n    echo \"error: The sandbox is not in sync with the Podfile.lock. Run 'pod install' or update your CocoaPods installation.\" >&2\n    exit 1\nfi\n# This output is used by Xcode 'outputs' to avoid re-running this script phase.\necho \"SUCCESS\" > \"${SCRIPT_OUTPUT_FILE_0}\"\n";
			showEnvVarsInLog = 0;
		};
		D7A96E2B66233FE719434DB0 /* [CP] Embed Pods Frameworks */ = {
			isa = PBXShellScriptBuildPhase;
			buildActionMask = 2147483647;
			files = (
			);
			inputFileListPaths = (
				"${PODS_ROOT}/Target Support Files/Pods-SOMEI/Pods-SOMEI-frameworks-${CONFIGURATION}-input-files.xcfilelist",
			);
			name = "[CP] Embed Pods Frameworks";
			outputFileListPaths = (
				"${PODS_ROOT}/Target Support Files/Pods-SOMEI/Pods-SOMEI-frameworks-${CONFIGURATION}-output-files.xcfilelist",
			);
			runOnlyForDeploymentPostprocessing = 0;
			shellPath = /bin/sh;
			shellScript = "\"${PODS_ROOT}/Target Support Files/Pods-SOMEI/Pods-SOMEI-frameworks.sh\"\n";
			showEnvVarsInLog = 0;
		};
/* End PBXShellScriptBuildPhase section */

/* Begin PBXSourcesBuildPhase section */
		3970B90E250F52D1006C36DD /* Sources */ = {
			isa = PBXSourcesBuildPhase;
			buildActionMask = 2147483647;
			files = (
				3970B9D1250F5302006C36DD /* CEPViewController.swift in Sources */,
				3970B91A250F52D1006C36DD /* ViewController.swift in Sources */,
				3970B9BE250F5302006C36DD /* LoginInformationViewController.swift in Sources */,
				392459C7250FDE300031B11A /* OrcamentoTableViewCell.swift in Sources */,
				3970B9D2250F5302006C36DD /* CNPJScreenViewController.swift in Sources */,
				39498D80250F7BFA0043F97A /* ProviderResource.swift in Sources */,
				D1C7058025586664008C9C3F /* PaymentManager.swift in Sources */,
				3970B916250F52D1006C36DD /* AppDelegate.swift in Sources */,
				3970B9E2250F5303006C36DD /* PhotoViewController.swift in Sources */,
				3970B9BF250F5302006C36DD /* HomeViewController.swift in Sources */,
				39498D74250F58640043F97A /* SOMEI.xcdatamodeld in Sources */,
				3970B9BC250F5302006C36DD /* ComentsViewController.swift in Sources */,
				3970B9E1250F5303006C36DD /* AgeViewController.swift in Sources */,
				3970B9A3250F5302006C36DD /* AgendaStruct.swift in Sources */,
				D1C7055625577FD5008C9C3F /* EvaluateServiceManager.swift in Sources */,
				3970B9C1250F5302006C36DD /* EspecificTimeViewController.swift in Sources */,
				D15E1A2625391C2600E0F7E3 /* TypeAgendaViewController.swift in Sources */,
				D18BE4202531276E00B32449 /* requestedServicesTableViewCell.swift in Sources */,
				D16B069B2547B5230057974A /* DtVencimentoStruct.swift in Sources */,
				3970B9B2250F5302006C36DD /* SolicitanteManagerJson.swift in Sources */,
				3970B9A0250F5302006C36DD /* SolicitanteStruct.swift in Sources */,
				3970B9DD250F5303006C36DD /* PasswordViewController.swift in Sources */,
				D19FB8F9252A86A300B42211 /* CreditAndDebitTableViewCell.swift in Sources */,
				D180718025284D870087385E /* RequestsTableViewController.swift in Sources */,
				D1D09037254CE54500AF69FB /* DetailOrcamentoListViewController.swift in Sources */,
				D18BE41B2531213800B32449 /* RequestedServicesViewController.swift in Sources */,
				D1184F14255A0D0000D566CE /* MagemDeLucro.swift in Sources */,
				3970B9B0250F5302006C36DD /* OrcamentoManager.swift in Sources */,
				3970B9AE250F5302006C36DD /* ProfissionalManager.swift in Sources */,
				3970B9DC250F5303006C36DD /* ConfirmationDatasViewController.swift in Sources */,
				3970B9DB250F5303006C36DD /* LogradouroViewController.swift in Sources */,
				3970B9DE250F5303006C36DD /* CPFScreenViewController.swift in Sources */,
				D1067F73254781880080DA33 /* MouthGoalViewController.swift in Sources */,
				D11378B7255B4BD5000E764E /* ActiveServiceSolicitanteDetailViewController.swift in Sources */,
				3970B9C5250F5302006C36DD /* LocationViewController.swift in Sources */,
				D1ECE68B252A94BB00F70CE4 /* NewDespesaViewController.swift in Sources */,
				3970B9BD250F5302006C36DD /* InternetErrorViewController.swift in Sources */,
				3970B9A2250F5302006C36DD /* hour.swift in Sources */,
				3970B9AB250F5302006C36DD /* Solicitante .swift in Sources */,
				D1ECE694252BB04000F70CE4 /* MouthResultViewController.swift in Sources */,
				D1B1D1A525535BF40030FFBB /* BankDepositsViewController.swift in Sources */,
				3970B9E4250F5303006C36DD /* PhoneViewController.swift in Sources */,
				3970B9CB250F5302006C36DD /* AnswerViewController.swift in Sources */,
				D180717A25281A0E0087385E /* photosOrcamentoCollectionViewCell.swift in Sources */,
				3970B9C2250F5302006C36DD /* FlexibleHourViewController.swift in Sources */,
				3970B9C4250F5302006C36DD /* SelectHourTableViewCell.swift in Sources */,
				3970B9B3250F5302006C36DD /* AnswerOrcamentoManager.swift in Sources */,
				3970B9A8250F5302006C36DD /* Place.swift in Sources */,
				3970B9A5250F5302006C36DD /* OrcamentoStruct.swift in Sources */,
				3970B9D8250F5303006C36DD /* EmployeePhotoViewController.swift in Sources */,
				D1E51A1C2558A520004FE02C /* AccountStruct.swift in Sources */,
				39498D7A250F5C6D0043F97A /* UICornerableButton.swift in Sources */,
				D1C7058B255867C4008C9C3F /* CardInformationsViewController.swift in Sources */,
				D1807188252854390087385E /* ProfissionalServicosAtivos.swift in Sources */,
				3970B9CD250F5302006C36DD /* CategoriasTableViewCell.swift in Sources */,
				D17228B525195E98008D129C /* OrcamentoAnswerTableViewCell.swift in Sources */,
				3970B9D6250F5302006C36DD /* ComplementViewController.swift in Sources */,
				D1E51A212558B5BF004FE02C /* AccountRegisterViewController.swift in Sources */,
				3970B99F250F5302006C36DD /* ProfissionalStruct.swift in Sources */,
				3970B9A6250F5302006C36DD /* Agenda.swift in Sources */,
				3970B9CC250F5302006C36DD /* ListOrcamentoViewController.swift in Sources */,
				D171F7362534CD7700C67EA7 /* FinancialManager.swift in Sources */,
				3970B9A9250F5302006C36DD /* Orcamento.swift in Sources */,
				3970B9D9250F5303006C36DD /* EmailEmployeeViewController.swift in Sources */,
				3970B9B4250F5302006C36DD /* SolicitanteManager.swift in Sources */,
				D1B75A2E2547903D006F614A /* ReleasesValue.swift in Sources */,
				39498D7C250F5C8F0043F97A /* UICornerableView.swift in Sources */,
				3970B9DF250F5303006C36DD /* ConfirmPasswordViewController.swift in Sources */,
				D19FB8F42529BAB000B42211 /* CreditAndDebitViewController.swift in Sources */,
				3970B9C6250F5302006C36DD /* ComplementEstimateViewController.swift in Sources */,
				3970B9C9250F5302006C36DD /* DescriptionScreenViewController.swift in Sources */,
				3970B9A1250F5302006C36DD /* HourStruct.swift in Sources */,
				3970B9AD250F5302006C36DD /* Comentario.swift in Sources */,
				D11378BC255B7063000E764E /* OwnerCpfRegisterViewController.swift in Sources */,
				3970B9A4250F5302006C36DD /* LocalizacaoStruct.swift in Sources */,
				3970B99E250F5302006C36DD /* ProviderSomei.swift in Sources */,
				D19FB8EE2529A0A000B42211 /* FinancialReportingViewController.swift in Sources */,
				D125C38125254DB500FD8E33 /* PhotoPortfolioCollectionViewCell.swift in Sources */,
				3970B9BB250F5302006C36DD /* SendPhotosCollectionViewCell.swift in Sources */,
				3970B9B8250F5302006C36DD /* WorkersCollectionViewCell.swift in Sources */,
				D17228B0251953CD008D129C /* AnswerOrcamentoViewController.swift in Sources */,
				D1B1D1AD25535EE20030FFBB /* DepositsTableViewCell.swift in Sources */,
				D1C7059025586BDC008C9C3F /* ConfirmPaymentViewController.swift in Sources */,
				3970B9C8250F5302006C36DD /* SendPicsViewController.swift in Sources */,
				D1184F22255A181C00D566CE /* MouthsResults.swift in Sources */,
				D1B75A3325479097006F614A /* DtVencimento.swift in Sources */,
				3970B9AF250F5302006C36DD /* SomeiManager.swift in Sources */,
				D1C7054E25577F31008C9C3F /* EvaluateServiceSolicitanteViewController.swift in Sources */,
				3970B9BA250F5302006C36DD /* EmployeePerfilViewController.swift in Sources */,
				3970B9C3250F5302006C36DD /* SelectMultiHourViewController.swift in Sources */,
				3970B9E0250F5303006C36DD /* EmailScreenViewController.swift in Sources */,
				3970B9D5250F5302006C36DD /* NumberViewController.swift in Sources */,
				3970B9AC250F5302006C36DD /* Usuario.swift in Sources */,
				D1E51A352558B793004FE02C /* TypeAccountManager.swift in Sources */,
				3970B9B7250F5302006C36DD /* ActiveServicesViewController.swift in Sources */,
				3970B9CA250F5302006C36DD /* OrcamentosTableViewCell.swift in Sources */,
				3970B918250F52D1006C36DD /* SceneDelegate.swift in Sources */,
				3970B9B1250F5302006C36DD /* ProfissionalManagerJson.swift in Sources */,
				3970B9CF250F5302006C36DD /* FantasyNameViewController.swift in Sources */,
				D1184F19255A149C00D566CE /* Prevision.swift in Sources */,
				3970B9E5250F5303006C36DD /* LoginCadastroViewControlller.swift in Sources */,
				D1184F3A255A255800D566CE /* Deposit.swift in Sources */,
				3970B9B9250F5302006C36DD /* ClientePerfilViewController.swift in Sources */,
				3970B9D7250F5302006C36DD /* MainActivityViewController.swift in Sources */,
				D171F7582534F2A400C67EA7 /* BarChart.swift in Sources */,
				D171F72025314E8000C67EA7 /* OrcamentoAnswerStruct.swift in Sources */,
				3970B9B5250F5302006C36DD /* SomeiUserDefaults.swift in Sources */,
				D1C7055E255785A9008C9C3F /* FinishServiceStructSolicitante.swift in Sources */,
				D171F73B2534CF4D00C67EA7 /* Financial.swift in Sources */,
				D16B06932547B45F0057974A /* PostingValueStruct.swift in Sources */,
				3970B9D0250F5302006C36DD /* PhoneEmployeeViewController.swift in Sources */,
				3970B9D3250F5302006C36DD /* PasswordEmployeeViewController.swift in Sources */,
				3970B9E6250F5303006C36DD /* SearchWorkersViewController.swift in Sources */,
				3970B9C0250F5302006C36DD /* FinishRegisterViewController.swift in Sources */,
				3970B9AA250F5302006C36DD /* Localizacao.swift in Sources */,
				D1184F2E255A21FD00D566CE /* DepositosBancarios.swift in Sources */,
				3970B9C7250F5302006C36DD /* HourTimeViewController.swift in Sources */,
				3970B9D4250F5302006C36DD /* ConfirmPasswordEmployeeViewController.swift in Sources */,
				3970B9B6250F5302006C36DD /* UIBackgroundCorner.swift in Sources */,
				3970B9DA250F5303006C36DD /* ConfirmDatasEmployeeViewController.swift in Sources */,
				3970B9A7250F5302006C36DD /* Profissional.swift in Sources */,
				3970B9CE250F5302006C36DD /* OwnerNameViewController.swift in Sources */,
				3970B9E3250F5303006C36DD /* NameScreenViewController.swift in Sources */,
			);
			runOnlyForDeploymentPostprocessing = 0;
		};
		3970B924250F52D3006C36DD /* Sources */ = {
			isa = PBXSourcesBuildPhase;
			buildActionMask = 2147483647;
			files = (
				3970B92D250F52D3006C36DD /* SOMEITests.swift in Sources */,
			);
			runOnlyForDeploymentPostprocessing = 0;
		};
		3970B92F250F52D3006C36DD /* Sources */ = {
			isa = PBXSourcesBuildPhase;
			buildActionMask = 2147483647;
			files = (
				3970B938250F52D3006C36DD /* SOMEIUITests.swift in Sources */,
			);
			runOnlyForDeploymentPostprocessing = 0;
		};
/* End PBXSourcesBuildPhase section */

/* Begin PBXTargetDependency section */
		3970B92A250F52D3006C36DD /* PBXTargetDependency */ = {
			isa = PBXTargetDependency;
			target = 3970B911250F52D1006C36DD /* SOMEI */;
			targetProxy = 3970B929250F52D3006C36DD /* PBXContainerItemProxy */;
		};
		3970B935250F52D3006C36DD /* PBXTargetDependency */ = {
			isa = PBXTargetDependency;
			target = 3970B911250F52D1006C36DD /* SOMEI */;
			targetProxy = 3970B934250F52D3006C36DD /* PBXContainerItemProxy */;
		};
/* End PBXTargetDependency section */

/* Begin PBXVariantGroup section */
		3970B91B250F52D1006C36DD /* Main.storyboard */ = {
			isa = PBXVariantGroup;
			children = (
				3970B91C250F52D1006C36DD /* Base */,
			);
			name = Main.storyboard;
			sourceTree = "<group>";
		};
		3970B920250F52D3006C36DD /* LaunchScreen.storyboard */ = {
			isa = PBXVariantGroup;
			children = (
				3970B921250F52D3006C36DD /* Base */,
			);
			name = LaunchScreen.storyboard;
			sourceTree = "<group>";
		};
/* End PBXVariantGroup section */

/* Begin XCBuildConfiguration section */
		3970B93A250F52D3006C36DD /* Debug */ = {
			isa = XCBuildConfiguration;
			buildSettings = {
				ALWAYS_SEARCH_USER_PATHS = NO;
				CLANG_ANALYZER_NONNULL = YES;
				CLANG_ANALYZER_NUMBER_OBJECT_CONVERSION = YES_AGGRESSIVE;
				CLANG_CXX_LANGUAGE_STANDARD = "gnu++14";
				CLANG_CXX_LIBRARY = "libc++";
				CLANG_ENABLE_MODULES = YES;
				CLANG_ENABLE_OBJC_ARC = YES;
				CLANG_ENABLE_OBJC_WEAK = YES;
				CLANG_WARN_BLOCK_CAPTURE_AUTORELEASING = YES;
				CLANG_WARN_BOOL_CONVERSION = YES;
				CLANG_WARN_COMMA = YES;
				CLANG_WARN_CONSTANT_CONVERSION = YES;
				CLANG_WARN_DEPRECATED_OBJC_IMPLEMENTATIONS = YES;
				CLANG_WARN_DIRECT_OBJC_ISA_USAGE = YES_ERROR;
				CLANG_WARN_DOCUMENTATION_COMMENTS = YES;
				CLANG_WARN_EMPTY_BODY = YES;
				CLANG_WARN_ENUM_CONVERSION = YES;
				CLANG_WARN_INFINITE_RECURSION = YES;
				CLANG_WARN_INT_CONVERSION = YES;
				CLANG_WARN_NON_LITERAL_NULL_CONVERSION = YES;
				CLANG_WARN_OBJC_IMPLICIT_RETAIN_SELF = YES;
				CLANG_WARN_OBJC_LITERAL_CONVERSION = YES;
				CLANG_WARN_OBJC_ROOT_CLASS = YES_ERROR;
				CLANG_WARN_RANGE_LOOP_ANALYSIS = YES;
				CLANG_WARN_STRICT_PROTOTYPES = YES;
				CLANG_WARN_SUSPICIOUS_MOVE = YES;
				CLANG_WARN_UNGUARDED_AVAILABILITY = YES_AGGRESSIVE;
				CLANG_WARN_UNREACHABLE_CODE = YES;
				CLANG_WARN__DUPLICATE_METHOD_MATCH = YES;
				COPY_PHASE_STRIP = NO;
				DEBUG_INFORMATION_FORMAT = dwarf;
				ENABLE_STRICT_OBJC_MSGSEND = YES;
				ENABLE_TESTABILITY = YES;
				GCC_C_LANGUAGE_STANDARD = gnu11;
				GCC_DYNAMIC_NO_PIC = NO;
				GCC_NO_COMMON_BLOCKS = YES;
				GCC_OPTIMIZATION_LEVEL = 0;
				GCC_PREPROCESSOR_DEFINITIONS = (
					"DEBUG=1",
					"$(inherited)",
				);
				GCC_WARN_64_TO_32_BIT_CONVERSION = YES;
				GCC_WARN_ABOUT_RETURN_TYPE = YES_ERROR;
				GCC_WARN_UNDECLARED_SELECTOR = YES;
				GCC_WARN_UNINITIALIZED_AUTOS = YES_AGGRESSIVE;
				GCC_WARN_UNUSED_FUNCTION = YES;
				GCC_WARN_UNUSED_VARIABLE = YES;
				IPHONEOS_DEPLOYMENT_TARGET = 13.7;
				MTL_ENABLE_DEBUG_INFO = INCLUDE_SOURCE;
				MTL_FAST_MATH = YES;
				ONLY_ACTIVE_ARCH = YES;
				SDKROOT = iphoneos;
				SWIFT_ACTIVE_COMPILATION_CONDITIONS = DEBUG;
				SWIFT_OPTIMIZATION_LEVEL = "-Onone";
			};
			name = Debug;
		};
		3970B93B250F52D3006C36DD /* Release */ = {
			isa = XCBuildConfiguration;
			buildSettings = {
				ALWAYS_SEARCH_USER_PATHS = NO;
				CLANG_ANALYZER_NONNULL = YES;
				CLANG_ANALYZER_NUMBER_OBJECT_CONVERSION = YES_AGGRESSIVE;
				CLANG_CXX_LANGUAGE_STANDARD = "gnu++14";
				CLANG_CXX_LIBRARY = "libc++";
				CLANG_ENABLE_MODULES = YES;
				CLANG_ENABLE_OBJC_ARC = YES;
				CLANG_ENABLE_OBJC_WEAK = YES;
				CLANG_WARN_BLOCK_CAPTURE_AUTORELEASING = YES;
				CLANG_WARN_BOOL_CONVERSION = YES;
				CLANG_WARN_COMMA = YES;
				CLANG_WARN_CONSTANT_CONVERSION = YES;
				CLANG_WARN_DEPRECATED_OBJC_IMPLEMENTATIONS = YES;
				CLANG_WARN_DIRECT_OBJC_ISA_USAGE = YES_ERROR;
				CLANG_WARN_DOCUMENTATION_COMMENTS = YES;
				CLANG_WARN_EMPTY_BODY = YES;
				CLANG_WARN_ENUM_CONVERSION = YES;
				CLANG_WARN_INFINITE_RECURSION = YES;
				CLANG_WARN_INT_CONVERSION = YES;
				CLANG_WARN_NON_LITERAL_NULL_CONVERSION = YES;
				CLANG_WARN_OBJC_IMPLICIT_RETAIN_SELF = YES;
				CLANG_WARN_OBJC_LITERAL_CONVERSION = YES;
				CLANG_WARN_OBJC_ROOT_CLASS = YES_ERROR;
				CLANG_WARN_RANGE_LOOP_ANALYSIS = YES;
				CLANG_WARN_STRICT_PROTOTYPES = YES;
				CLANG_WARN_SUSPICIOUS_MOVE = YES;
				CLANG_WARN_UNGUARDED_AVAILABILITY = YES_AGGRESSIVE;
				CLANG_WARN_UNREACHABLE_CODE = YES;
				CLANG_WARN__DUPLICATE_METHOD_MATCH = YES;
				COPY_PHASE_STRIP = NO;
				DEBUG_INFORMATION_FORMAT = "dwarf-with-dsym";
				ENABLE_NS_ASSERTIONS = NO;
				ENABLE_STRICT_OBJC_MSGSEND = YES;
				GCC_C_LANGUAGE_STANDARD = gnu11;
				GCC_NO_COMMON_BLOCKS = YES;
				GCC_WARN_64_TO_32_BIT_CONVERSION = YES;
				GCC_WARN_ABOUT_RETURN_TYPE = YES_ERROR;
				GCC_WARN_UNDECLARED_SELECTOR = YES;
				GCC_WARN_UNINITIALIZED_AUTOS = YES_AGGRESSIVE;
				GCC_WARN_UNUSED_FUNCTION = YES;
				GCC_WARN_UNUSED_VARIABLE = YES;
				IPHONEOS_DEPLOYMENT_TARGET = 13.7;
				MTL_ENABLE_DEBUG_INFO = NO;
				MTL_FAST_MATH = YES;
				SDKROOT = iphoneos;
				SWIFT_COMPILATION_MODE = wholemodule;
				SWIFT_OPTIMIZATION_LEVEL = "-O";
				VALIDATE_PRODUCT = YES;
			};
			name = Release;
		};
		3970B93D250F52D3006C36DD /* Debug */ = {
			isa = XCBuildConfiguration;
			baseConfigurationReference = D6929F95C8DA35D5736F1289 /* Pods-SOMEI.debug.xcconfig */;
			buildSettings = {
				ASSETCATALOG_COMPILER_APPICON_NAME = "AppIcon-1";
				CODE_SIGN_STYLE = Automatic;
				DEVELOPMENT_TEAM = ALRN3QRB2A;
				INFOPLIST_FILE = SOMEI/Info.plist;
				IPHONEOS_DEPLOYMENT_TARGET = 13.0;
				LD_RUNPATH_SEARCH_PATHS = (
					"$(inherited)",
					"@executable_path/Frameworks",
				);
				PRODUCT_BUNDLE_IDENTIFIER = br.com.someiOfficialapp;
				PRODUCT_NAME = "$(TARGET_NAME)";
				SWIFT_VERSION = 5.0;
				TARGETED_DEVICE_FAMILY = "1,2";
			};
			name = Debug;
		};
		3970B93E250F52D3006C36DD /* Release */ = {
			isa = XCBuildConfiguration;
			baseConfigurationReference = AF93BF6073951527603D0181 /* Pods-SOMEI.release.xcconfig */;
			buildSettings = {
				ASSETCATALOG_COMPILER_APPICON_NAME = "AppIcon-1";
				CODE_SIGN_STYLE = Automatic;
				DEVELOPMENT_TEAM = ALRN3QRB2A;
				INFOPLIST_FILE = SOMEI/Info.plist;
				IPHONEOS_DEPLOYMENT_TARGET = 13.0;
				LD_RUNPATH_SEARCH_PATHS = (
					"$(inherited)",
					"@executable_path/Frameworks",
				);
				PRODUCT_BUNDLE_IDENTIFIER = br.com.someiOfficialapp;
				PRODUCT_NAME = "$(TARGET_NAME)";
				SWIFT_VERSION = 5.0;
				TARGETED_DEVICE_FAMILY = "1,2";
			};
			name = Release;
		};
		3970B940250F52D3006C36DD /* Debug */ = {
			isa = XCBuildConfiguration;
			buildSettings = {
				ALWAYS_EMBED_SWIFT_STANDARD_LIBRARIES = YES;
				BUNDLE_LOADER = "$(TEST_HOST)";
				CODE_SIGN_STYLE = Automatic;
				INFOPLIST_FILE = SOMEITests/Info.plist;
				IPHONEOS_DEPLOYMENT_TARGET = 13.7;
				LD_RUNPATH_SEARCH_PATHS = (
					"$(inherited)",
					"@executable_path/Frameworks",
					"@loader_path/Frameworks",
				);
				PRODUCT_BUNDLE_IDENTIFIER = br.com.someiapp.SOMEITests;
				PRODUCT_NAME = "$(TARGET_NAME)";
				SWIFT_VERSION = 5.0;
				TARGETED_DEVICE_FAMILY = "1,2";
				TEST_HOST = "$(BUILT_PRODUCTS_DIR)/SOMEI.app/SOMEI";
			};
			name = Debug;
		};
		3970B941250F52D3006C36DD /* Release */ = {
			isa = XCBuildConfiguration;
			buildSettings = {
				ALWAYS_EMBED_SWIFT_STANDARD_LIBRARIES = YES;
				BUNDLE_LOADER = "$(TEST_HOST)";
				CODE_SIGN_STYLE = Automatic;
				INFOPLIST_FILE = SOMEITests/Info.plist;
				IPHONEOS_DEPLOYMENT_TARGET = 13.7;
				LD_RUNPATH_SEARCH_PATHS = (
					"$(inherited)",
					"@executable_path/Frameworks",
					"@loader_path/Frameworks",
				);
				PRODUCT_BUNDLE_IDENTIFIER = br.com.someiapp.SOMEITests;
				PRODUCT_NAME = "$(TARGET_NAME)";
				SWIFT_VERSION = 5.0;
				TARGETED_DEVICE_FAMILY = "1,2";
				TEST_HOST = "$(BUILT_PRODUCTS_DIR)/SOMEI.app/SOMEI";
			};
			name = Release;
		};
		3970B943250F52D3006C36DD /* Debug */ = {
			isa = XCBuildConfiguration;
			buildSettings = {
				ALWAYS_EMBED_SWIFT_STANDARD_LIBRARIES = YES;
				CODE_SIGN_STYLE = Automatic;
				INFOPLIST_FILE = SOMEIUITests/Info.plist;
				LD_RUNPATH_SEARCH_PATHS = (
					"$(inherited)",
					"@executable_path/Frameworks",
					"@loader_path/Frameworks",
				);
				PRODUCT_BUNDLE_IDENTIFIER = br.com.someiapp.SOMEIUITests;
				PRODUCT_NAME = "$(TARGET_NAME)";
				SWIFT_VERSION = 5.0;
				TARGETED_DEVICE_FAMILY = "1,2";
				TEST_TARGET_NAME = SOMEI;
			};
			name = Debug;
		};
		3970B944250F52D3006C36DD /* Release */ = {
			isa = XCBuildConfiguration;
			buildSettings = {
				ALWAYS_EMBED_SWIFT_STANDARD_LIBRARIES = YES;
				CODE_SIGN_STYLE = Automatic;
				INFOPLIST_FILE = SOMEIUITests/Info.plist;
				LD_RUNPATH_SEARCH_PATHS = (
					"$(inherited)",
					"@executable_path/Frameworks",
					"@loader_path/Frameworks",
				);
				PRODUCT_BUNDLE_IDENTIFIER = br.com.someiapp.SOMEIUITests;
				PRODUCT_NAME = "$(TARGET_NAME)";
				SWIFT_VERSION = 5.0;
				TARGETED_DEVICE_FAMILY = "1,2";
				TEST_TARGET_NAME = SOMEI;
			};
			name = Release;
		};
/* End XCBuildConfiguration section */

/* Begin XCConfigurationList section */
		3970B90D250F52D1006C36DD /* Build configuration list for PBXProject "SOMEI" */ = {
			isa = XCConfigurationList;
			buildConfigurations = (
				3970B93A250F52D3006C36DD /* Debug */,
				3970B93B250F52D3006C36DD /* Release */,
			);
			defaultConfigurationIsVisible = 0;
			defaultConfigurationName = Release;
		};
		3970B93C250F52D3006C36DD /* Build configuration list for PBXNativeTarget "SOMEI" */ = {
			isa = XCConfigurationList;
			buildConfigurations = (
				3970B93D250F52D3006C36DD /* Debug */,
				3970B93E250F52D3006C36DD /* Release */,
			);
			defaultConfigurationIsVisible = 0;
			defaultConfigurationName = Release;
		};
		3970B93F250F52D3006C36DD /* Build configuration list for PBXNativeTarget "SOMEITests" */ = {
			isa = XCConfigurationList;
			buildConfigurations = (
				3970B940250F52D3006C36DD /* Debug */,
				3970B941250F52D3006C36DD /* Release */,
			);
			defaultConfigurationIsVisible = 0;
			defaultConfigurationName = Release;
		};
		3970B942250F52D3006C36DD /* Build configuration list for PBXNativeTarget "SOMEIUITests" */ = {
			isa = XCConfigurationList;
			buildConfigurations = (
				3970B943250F52D3006C36DD /* Debug */,
				3970B944250F52D3006C36DD /* Release */,
			);
			defaultConfigurationIsVisible = 0;
			defaultConfigurationName = Release;
		};
/* End XCConfigurationList section */

/* Begin XCVersionGroup section */
		39498D72250F58640043F97A /* SOMEI.xcdatamodeld */ = {
			isa = XCVersionGroup;
			children = (
				39498D73250F58640043F97A /* SOMEI.xcdatamodel */,
			);
			currentVersion = 39498D73250F58640043F97A /* SOMEI.xcdatamodel */;
			path = SOMEI.xcdatamodeld;
			sourceTree = "<group>";
			versionGroupType = wrapper.xcdatamodel;
		};
/* End XCVersionGroup section */
	};
	rootObject = 3970B90A250F52D1006C36DD /* Project object */;
}
